
Microsoft Visual Studio Solution File, Format Version 9.00
# Visual Studio 2005
# SharpDevelop 3.0.0.2707
Project("{FAE04EC0-301F-11D3-BF4B-00C04F79EFBC}") = "Decompiler", "Decompiler.csproj", "{EE3A3C1A-F9C3-4C75-853D-A9476E518C3A}"
EndProject
Global
	GlobalSection(SolutionConfigurationPlatforms) = preSolution
		Debug|Any CPU = Debug|Any CPU
		Release|Any CPU = Release|Any CPU
	EndGlobalSection
	GlobalSection(ProjectConfigurationPlatforms) = postSolution
		{EE3A3C1A-F9C3-4C75-853D-A9476E518C3A}.Debug|Any CPU.Build.0 = Debug|Any CPU
		{EE3A3C1A-F9C3-4C75-853D-A9476E518C3A}.Debug|Any CPU.ActiveCfg = Debug|Any CPU
		{EE3A3C1A-F9C3-4C75-853D-A9476E518C3A}.Release|Any CPU.Build.0 = Release|Any CPU
		{EE3A3C1A-F9C3-4C75-853D-A9476E518C3A}.Release|Any CPU.ActiveCfg = Release|Any CPU
	EndGlobalSection
EndGlobal
