
Microsoft Visual Studio Solution File, Format Version 11.00
# Visual Studio 2010
Project("{FAE04EC0-301F-11D3-BF4B-00C04F79EFBC}") = "ICSharpCode.TreeView", "SharpTreeView\ICSharpCode.TreeView.csproj", "{DDE2A481-8271-4EAC-A330-8FA6A38D13D1}"
EndProject
Project("{FAE04EC0-301F-11D3-BF4B-00C04F79EFBC}") = "ICSharpCode.AvalonEdit", "AvalonEdit\ICSharpCode.AvalonEdit\ICSharpCode.AvalonEdit.csproj", "{6C55B776-26D4-4DB3-A6AB-87E783B2F3D1}"
EndProject
Project("{FAE04EC0-301F-11D3-BF4B-00C04F79EFBC}") = "ICSharpCode.Decompiler", "ICSharpCode.Decompiler\ICSharpCode.Decompiler.csproj", "{984CC812-9470-4A13-AFF9-CC44068D666C}"
EndProject
Project("{FAE04EC0-301F-11D3-BF4B-00C04F79EFBC}") = "ICSharpCode.NRefactory", "NRefactory2\ICSharpCode.NRefactory\ICSharpCode.NRefactory.csproj", "{3B2A5653-EC97-4001-BB9B-D90F1AF2C371}"
EndProject
Project("{FAE04EC0-301F-11D3-BF4B-00C04F79EFBC}") = "ICSharpCode.Decompiler.Tests", "ICSharpCode.Decompiler\Tests\ICSharpCode.Decompiler.Tests.csproj", "{FEC0DA52-C4A6-4710-BE36-B484A20C5E22}"
EndProject
Project("{FAE04EC0-301F-11D3-BF4B-00C04F79EFBC}") = "ICSharpCode.NRefactory.VB", "NRefactory\ICSharpCode.NRefactory.VB\ICSharpCode.NRefactory.VB.csproj", "{7B82B671-419F-45F4-B778-D9286F996EFA}"
EndProject
Project("{FAE04EC0-301F-11D3-BF4B-00C04F79EFBC}") = "ICSharpCode.NRefactory.CSharp", "NRefactory2\ICSharpCode.NRefactory.CSharp\ICSharpCode.NRefactory.CSharp.csproj", "{53DCA265-3C3C-42F9-B647-F72BA678122B}"
EndProject
Project("{FAE04EC0-301F-11D3-BF4B-00C04F79EFBC}") = "dnlib", "dnlib\src\dnlib.csproj", "{FDFC1237-143F-4919-8318-4926901F4639}"
EndProject
Project("{FAE04EC0-301F-11D3-BF4B-00C04F79EFBC}") = "dndbg", "dndbg\dndbg.csproj", "{989A5C51-8C4C-4F4D-90A2-042CD1846075}"
EndProject
Project("{FAE04EC0-301F-11D3-BF4B-00C04F79EFBC}") = "dnSpy.Contracts", "dnSpy.Contracts\dnSpy.Contracts.csproj", "{9B234472-0E22-428C-9345-C8D9EE5E06AF}"
EndProject
Project("{FAE04EC0-301F-11D3-BF4B-00C04F79EFBC}") = "dnSpy", "dnSpy\dnSpy.csproj", "{722257A9-1B14-4D63-B886-18A4229AF4EB}"
EndProject
Project("{FAE04EC0-301F-11D3-BF4B-00C04F79EFBC}") = "dnSpy.Shared.UI", "dnSpy.Shared.UI\dnSpy.Shared.UI.csproj", "{7E7C2CF8-2057-4EAA-9DAD-AB3022CF4037}"
EndProject
Project("{FAE04EC0-301F-11D3-BF4B-00C04F79EFBC}") = "Languages", "Languages\Languages.csproj", "{D7FE873E-DF22-4F54-AEFA-BCF33AFD7E05}"
EndProject
Global
	GlobalSection(SolutionConfigurationPlatforms) = preSolution
		Debug|Any CPU = Debug|Any CPU
		Debug|Mixed Platforms = Debug|Mixed Platforms
		Debug|x86 = Debug|x86
		Release|Any CPU = Release|Any CPU
		Release|Mixed Platforms = Release|Mixed Platforms
		Release|x86 = Release|x86
	EndGlobalSection
	GlobalSection(ProjectConfigurationPlatforms) = postSolution
		{DDE2A481-8271-4EAC-A330-8FA6A38D13D1}.Debug|Any CPU.ActiveCfg = Debug|Any CPU
		{DDE2A481-8271-4EAC-A330-8FA6A38D13D1}.Debug|Any CPU.Build.0 = Debug|Any CPU
		{DDE2A481-8271-4EAC-A330-8FA6A38D13D1}.Debug|Mixed Platforms.ActiveCfg = Debug|Any CPU
		{DDE2A481-8271-4EAC-A330-8FA6A38D13D1}.Debug|Mixed Platforms.Build.0 = Debug|Any CPU
		{DDE2A481-8271-4EAC-A330-8FA6A38D13D1}.Debug|x86.ActiveCfg = Debug|Any CPU
		{DDE2A481-8271-4EAC-A330-8FA6A38D13D1}.Debug|x86.Build.0 = Debug|Any CPU
		{DDE2A481-8271-4EAC-A330-8FA6A38D13D1}.Release|Any CPU.ActiveCfg = Release|Any CPU
		{DDE2A481-8271-4EAC-A330-8FA6A38D13D1}.Release|Any CPU.Build.0 = Release|Any CPU
		{DDE2A481-8271-4EAC-A330-8FA6A38D13D1}.Release|Mixed Platforms.ActiveCfg = Release|Any CPU
		{DDE2A481-8271-4EAC-A330-8FA6A38D13D1}.Release|Mixed Platforms.Build.0 = Release|Any CPU
		{DDE2A481-8271-4EAC-A330-8FA6A38D13D1}.Release|x86.ActiveCfg = Release|Any CPU
		{DDE2A481-8271-4EAC-A330-8FA6A38D13D1}.Release|x86.Build.0 = Release|Any CPU
		{6C55B776-26D4-4DB3-A6AB-87E783B2F3D1}.Debug|Any CPU.ActiveCfg = Debug|Net40
		{6C55B776-26D4-4DB3-A6AB-87E783B2F3D1}.Debug|Any CPU.Build.0 = Debug|Net40
		{6C55B776-26D4-4DB3-A6AB-87E783B2F3D1}.Debug|Mixed Platforms.ActiveCfg = Debug|Net40
		{6C55B776-26D4-4DB3-A6AB-87E783B2F3D1}.Debug|Mixed Platforms.Build.0 = Debug|Net40
		{6C55B776-26D4-4DB3-A6AB-87E783B2F3D1}.Debug|x86.ActiveCfg = Debug|Net40
		{6C55B776-26D4-4DB3-A6AB-87E783B2F3D1}.Debug|x86.Build.0 = Debug|Net40
		{6C55B776-26D4-4DB3-A6AB-87E783B2F3D1}.Release|Any CPU.ActiveCfg = Release|Net40
		{6C55B776-26D4-4DB3-A6AB-87E783B2F3D1}.Release|Any CPU.Build.0 = Release|Net40
		{6C55B776-26D4-4DB3-A6AB-87E783B2F3D1}.Release|Mixed Platforms.ActiveCfg = Release|Net40
		{6C55B776-26D4-4DB3-A6AB-87E783B2F3D1}.Release|Mixed Platforms.Build.0 = Release|Net40
		{6C55B776-26D4-4DB3-A6AB-87E783B2F3D1}.Release|x86.ActiveCfg = Release|Net40
		{6C55B776-26D4-4DB3-A6AB-87E783B2F3D1}.Release|x86.Build.0 = Release|Net40
		{984CC812-9470-4A13-AFF9-CC44068D666C}.Debug|Any CPU.ActiveCfg = Debug|Any CPU
		{984CC812-9470-4A13-AFF9-CC44068D666C}.Debug|Any CPU.Build.0 = Debug|Any CPU
		{984CC812-9470-4A13-AFF9-CC44068D666C}.Debug|Mixed Platforms.ActiveCfg = Debug|Any CPU
		{984CC812-9470-4A13-AFF9-CC44068D666C}.Debug|Mixed Platforms.Build.0 = Debug|Any CPU
		{984CC812-9470-4A13-AFF9-CC44068D666C}.Debug|x86.ActiveCfg = Debug|Any CPU
		{984CC812-9470-4A13-AFF9-CC44068D666C}.Debug|x86.Build.0 = Debug|Any CPU
		{984CC812-9470-4A13-AFF9-CC44068D666C}.Release|Any CPU.ActiveCfg = Release|Any CPU
		{984CC812-9470-4A13-AFF9-CC44068D666C}.Release|Any CPU.Build.0 = Release|Any CPU
		{984CC812-9470-4A13-AFF9-CC44068D666C}.Release|Mixed Platforms.ActiveCfg = Release|Any CPU
		{984CC812-9470-4A13-AFF9-CC44068D666C}.Release|Mixed Platforms.Build.0 = Release|Any CPU
		{984CC812-9470-4A13-AFF9-CC44068D666C}.Release|x86.ActiveCfg = Release|Any CPU
		{984CC812-9470-4A13-AFF9-CC44068D666C}.Release|x86.Build.0 = Release|Any CPU
		{3B2A5653-EC97-4001-BB9B-D90F1AF2C371}.Debug|Any CPU.ActiveCfg = Debug|Any CPU
		{3B2A5653-EC97-4001-BB9B-D90F1AF2C371}.Debug|Any CPU.Build.0 = Debug|Any CPU
		{3B2A5653-EC97-4001-BB9B-D90F1AF2C371}.Debug|Mixed Platforms.ActiveCfg = Debug|Any CPU
		{3B2A5653-EC97-4001-BB9B-D90F1AF2C371}.Debug|Mixed Platforms.Build.0 = Debug|Any CPU
		{3B2A5653-EC97-4001-BB9B-D90F1AF2C371}.Debug|x86.ActiveCfg = Debug|Any CPU
		{3B2A5653-EC97-4001-BB9B-D90F1AF2C371}.Debug|x86.Build.0 = Debug|Any CPU
		{3B2A5653-EC97-4001-BB9B-D90F1AF2C371}.Release|Any CPU.ActiveCfg = Release|Any CPU
		{3B2A5653-EC97-4001-BB9B-D90F1AF2C371}.Release|Any CPU.Build.0 = Release|Any CPU
		{3B2A5653-EC97-4001-BB9B-D90F1AF2C371}.Release|Mixed Platforms.ActiveCfg = Release|Any CPU
		{3B2A5653-EC97-4001-BB9B-D90F1AF2C371}.Release|Mixed Platforms.Build.0 = Release|Any CPU
		{3B2A5653-EC97-4001-BB9B-D90F1AF2C371}.Release|x86.ActiveCfg = Release|Any CPU
		{3B2A5653-EC97-4001-BB9B-D90F1AF2C371}.Release|x86.Build.0 = Release|Any CPU
		{FEC0DA52-C4A6-4710-BE36-B484A20C5E22}.Debug|Any CPU.ActiveCfg = Debug|Any CPU
		{FEC0DA52-C4A6-4710-BE36-B484A20C5E22}.Debug|Any CPU.Build.0 = Debug|Any CPU
		{FEC0DA52-C4A6-4710-BE36-B484A20C5E22}.Debug|Mixed Platforms.ActiveCfg = Debug|x86
		{FEC0DA52-C4A6-4710-BE36-B484A20C5E22}.Debug|Mixed Platforms.Build.0 = Debug|x86
		{FEC0DA52-C4A6-4710-BE36-B484A20C5E22}.Debug|x86.ActiveCfg = Debug|x86
		{FEC0DA52-C4A6-4710-BE36-B484A20C5E22}.Debug|x86.Build.0 = Debug|x86
		{FEC0DA52-C4A6-4710-BE36-B484A20C5E22}.Release|Any CPU.ActiveCfg = Release|Any CPU
		{FEC0DA52-C4A6-4710-BE36-B484A20C5E22}.Release|Any CPU.Build.0 = Release|Any CPU
		{FEC0DA52-C4A6-4710-BE36-B484A20C5E22}.Release|Mixed Platforms.ActiveCfg = Release|x86
		{FEC0DA52-C4A6-4710-BE36-B484A20C5E22}.Release|Mixed Platforms.Build.0 = Release|x86
		{FEC0DA52-C4A6-4710-BE36-B484A20C5E22}.Release|x86.ActiveCfg = Release|x86
		{FEC0DA52-C4A6-4710-BE36-B484A20C5E22}.Release|x86.Build.0 = Release|x86
		{7B82B671-419F-45F4-B778-D9286F996EFA}.Debug|Any CPU.ActiveCfg = Debug|Any CPU
		{7B82B671-419F-45F4-B778-D9286F996EFA}.Debug|Any CPU.Build.0 = Debug|Any CPU
		{7B82B671-419F-45F4-B778-D9286F996EFA}.Debug|Mixed Platforms.ActiveCfg = Debug|Any CPU
		{7B82B671-419F-45F4-B778-D9286F996EFA}.Debug|Mixed Platforms.Build.0 = Debug|Any CPU
		{7B82B671-419F-45F4-B778-D9286F996EFA}.Debug|x86.ActiveCfg = Debug|Any CPU
		{7B82B671-419F-45F4-B778-D9286F996EFA}.Debug|x86.Build.0 = Debug|Any CPU
		{7B82B671-419F-45F4-B778-D9286F996EFA}.Release|Any CPU.ActiveCfg = Release|Any CPU
		{7B82B671-419F-45F4-B778-D9286F996EFA}.Release|Any CPU.Build.0 = Release|Any CPU
		{7B82B671-419F-45F4-B778-D9286F996EFA}.Release|Mixed Platforms.ActiveCfg = Release|Any CPU
		{7B82B671-419F-45F4-B778-D9286F996EFA}.Release|Mixed Platforms.Build.0 = Release|Any CPU
		{7B82B671-419F-45F4-B778-D9286F996EFA}.Release|x86.ActiveCfg = Release|Any CPU
		{7B82B671-419F-45F4-B778-D9286F996EFA}.Release|x86.Build.0 = Release|Any CPU
		{53DCA265-3C3C-42F9-B647-F72BA678122B}.Debug|Any CPU.ActiveCfg = Debug|Any CPU
		{53DCA265-3C3C-42F9-B647-F72BA678122B}.Debug|Any CPU.Build.0 = Debug|Any CPU
		{53DCA265-3C3C-42F9-B647-F72BA678122B}.Debug|Mixed Platforms.ActiveCfg = Debug|Any CPU
		{53DCA265-3C3C-42F9-B647-F72BA678122B}.Debug|Mixed Platforms.Build.0 = Debug|Any CPU
		{53DCA265-3C3C-42F9-B647-F72BA678122B}.Debug|x86.ActiveCfg = Debug|Any CPU
		{53DCA265-3C3C-42F9-B647-F72BA678122B}.Debug|x86.Build.0 = Debug|Any CPU
		{53DCA265-3C3C-42F9-B647-F72BA678122B}.Release|Any CPU.ActiveCfg = Release|Any CPU
		{53DCA265-3C3C-42F9-B647-F72BA678122B}.Release|Any CPU.Build.0 = Release|Any CPU
		{53DCA265-3C3C-42F9-B647-F72BA678122B}.Release|Mixed Platforms.ActiveCfg = Release|Any CPU
		{53DCA265-3C3C-42F9-B647-F72BA678122B}.Release|Mixed Platforms.Build.0 = Release|Any CPU
		{53DCA265-3C3C-42F9-B647-F72BA678122B}.Release|x86.ActiveCfg = Release|Any CPU
		{53DCA265-3C3C-42F9-B647-F72BA678122B}.Release|x86.Build.0 = Release|Any CPU
		{FDFC1237-143F-4919-8318-4926901F4639}.Debug|Any CPU.ActiveCfg = Debug|Any CPU
		{FDFC1237-143F-4919-8318-4926901F4639}.Debug|Any CPU.Build.0 = Debug|Any CPU
		{FDFC1237-143F-4919-8318-4926901F4639}.Debug|Mixed Platforms.ActiveCfg = Debug|Any CPU
		{FDFC1237-143F-4919-8318-4926901F4639}.Debug|Mixed Platforms.Build.0 = Debug|Any CPU
		{FDFC1237-143F-4919-8318-4926901F4639}.Debug|x86.ActiveCfg = Debug|Any CPU
		{FDFC1237-143F-4919-8318-4926901F4639}.Debug|x86.Build.0 = Debug|Any CPU
		{FDFC1237-143F-4919-8318-4926901F4639}.Release|Any CPU.ActiveCfg = Release|Any CPU
		{FDFC1237-143F-4919-8318-4926901F4639}.Release|Any CPU.Build.0 = Release|Any CPU
		{FDFC1237-143F-4919-8318-4926901F4639}.Release|Mixed Platforms.ActiveCfg = Release|Any CPU
		{FDFC1237-143F-4919-8318-4926901F4639}.Release|Mixed Platforms.Build.0 = Release|Any CPU
		{FDFC1237-143F-4919-8318-4926901F4639}.Release|x86.ActiveCfg = Release|Any CPU
		{FDFC1237-143F-4919-8318-4926901F4639}.Release|x86.Build.0 = Release|Any CPU
		{989A5C51-8C4C-4F4D-90A2-042CD1846075}.Debug|Any CPU.ActiveCfg = Debug|Any CPU
		{989A5C51-8C4C-4F4D-90A2-042CD1846075}.Debug|Any CPU.Build.0 = Debug|Any CPU
		{989A5C51-8C4C-4F4D-90A2-042CD1846075}.Debug|Mixed Platforms.ActiveCfg = Debug|Any CPU
		{989A5C51-8C4C-4F4D-90A2-042CD1846075}.Debug|Mixed Platforms.Build.0 = Debug|Any CPU
		{989A5C51-8C4C-4F4D-90A2-042CD1846075}.Debug|x86.ActiveCfg = Debug|Any CPU
		{989A5C51-8C4C-4F4D-90A2-042CD1846075}.Debug|x86.Build.0 = Debug|Any CPU
		{989A5C51-8C4C-4F4D-90A2-042CD1846075}.Release|Any CPU.ActiveCfg = Release|Any CPU
		{989A5C51-8C4C-4F4D-90A2-042CD1846075}.Release|Any CPU.Build.0 = Release|Any CPU
		{989A5C51-8C4C-4F4D-90A2-042CD1846075}.Release|Mixed Platforms.ActiveCfg = Release|Any CPU
		{989A5C51-8C4C-4F4D-90A2-042CD1846075}.Release|Mixed Platforms.Build.0 = Release|Any CPU
		{989A5C51-8C4C-4F4D-90A2-042CD1846075}.Release|x86.ActiveCfg = Release|Any CPU
		{989A5C51-8C4C-4F4D-90A2-042CD1846075}.Release|x86.Build.0 = Release|Any CPU
		{9B234472-0E22-428C-9345-C8D9EE5E06AF}.Debug|Any CPU.ActiveCfg = Debug|Any CPU
		{9B234472-0E22-428C-9345-C8D9EE5E06AF}.Debug|Any CPU.Build.0 = Debug|Any CPU
		{9B234472-0E22-428C-9345-C8D9EE5E06AF}.Debug|Mixed Platforms.ActiveCfg = Debug|Any CPU
		{9B234472-0E22-428C-9345-C8D9EE5E06AF}.Debug|Mixed Platforms.Build.0 = Debug|Any CPU
		{9B234472-0E22-428C-9345-C8D9EE5E06AF}.Debug|x86.ActiveCfg = Debug|Any CPU
		{9B234472-0E22-428C-9345-C8D9EE5E06AF}.Debug|x86.Build.0 = Debug|Any CPU
		{9B234472-0E22-428C-9345-C8D9EE5E06AF}.Release|Any CPU.ActiveCfg = Release|Any CPU
		{9B234472-0E22-428C-9345-C8D9EE5E06AF}.Release|Any CPU.Build.0 = Release|Any CPU
		{9B234472-0E22-428C-9345-C8D9EE5E06AF}.Release|Mixed Platforms.ActiveCfg = Release|Any CPU
		{9B234472-0E22-428C-9345-C8D9EE5E06AF}.Release|Mixed Platforms.Build.0 = Release|Any CPU
		{9B234472-0E22-428C-9345-C8D9EE5E06AF}.Release|x86.ActiveCfg = Release|Any CPU
		{9B234472-0E22-428C-9345-C8D9EE5E06AF}.Release|x86.Build.0 = Release|Any CPU
		{722257A9-1B14-4D63-B886-18A4229AF4EB}.Debug|Any CPU.ActiveCfg = Debug|Any CPU
		{722257A9-1B14-4D63-B886-18A4229AF4EB}.Debug|Any CPU.Build.0 = Debug|Any CPU
		{722257A9-1B14-4D63-B886-18A4229AF4EB}.Debug|Mixed Platforms.ActiveCfg = Debug|Any CPU
		{722257A9-1B14-4D63-B886-18A4229AF4EB}.Debug|Mixed Platforms.Build.0 = Debug|Any CPU
		{722257A9-1B14-4D63-B886-18A4229AF4EB}.Debug|x86.ActiveCfg = Debug|Any CPU
		{722257A9-1B14-4D63-B886-18A4229AF4EB}.Debug|x86.Build.0 = Debug|Any CPU
		{722257A9-1B14-4D63-B886-18A4229AF4EB}.Release|Any CPU.ActiveCfg = Release|Any CPU
		{722257A9-1B14-4D63-B886-18A4229AF4EB}.Release|Any CPU.Build.0 = Release|Any CPU
		{722257A9-1B14-4D63-B886-18A4229AF4EB}.Release|Mixed Platforms.ActiveCfg = Release|Any CPU
		{722257A9-1B14-4D63-B886-18A4229AF4EB}.Release|Mixed Platforms.Build.0 = Release|Any CPU
		{722257A9-1B14-4D63-B886-18A4229AF4EB}.Release|x86.ActiveCfg = Release|Any CPU
		{722257A9-1B14-4D63-B886-18A4229AF4EB}.Release|x86.Build.0 = Release|Any CPU
		{7E7C2CF8-2057-4EAA-9DAD-AB3022CF4037}.Debug|Any CPU.ActiveCfg = Debug|Any CPU
		{7E7C2CF8-2057-4EAA-9DAD-AB3022CF4037}.Debug|Any CPU.Build.0 = Debug|Any CPU
		{7E7C2CF8-2057-4EAA-9DAD-AB3022CF4037}.Debug|Mixed Platforms.ActiveCfg = Debug|Any CPU
		{7E7C2CF8-2057-4EAA-9DAD-AB3022CF4037}.Debug|Mixed Platforms.Build.0 = Debug|Any CPU
		{7E7C2CF8-2057-4EAA-9DAD-AB3022CF4037}.Debug|x86.ActiveCfg = Debug|Any CPU
		{7E7C2CF8-2057-4EAA-9DAD-AB3022CF4037}.Debug|x86.Build.0 = Debug|Any CPU
		{7E7C2CF8-2057-4EAA-9DAD-AB3022CF4037}.Release|Any CPU.ActiveCfg = Release|Any CPU
		{7E7C2CF8-2057-4EAA-9DAD-AB3022CF4037}.Release|Any CPU.Build.0 = Release|Any CPU
		{7E7C2CF8-2057-4EAA-9DAD-AB3022CF4037}.Release|Mixed Platforms.ActiveCfg = Release|Any CPU
		{7E7C2CF8-2057-4EAA-9DAD-AB3022CF4037}.Release|Mixed Platforms.Build.0 = Release|Any CPU
		{7E7C2CF8-2057-4EAA-9DAD-AB3022CF4037}.Release|x86.ActiveCfg = Release|Any CPU
		{7E7C2CF8-2057-4EAA-9DAD-AB3022CF4037}.Release|x86.Build.0 = Release|Any CPU
		{D7FE873E-DF22-4F54-AEFA-BCF33AFD7E05}.Debug|Any CPU.ActiveCfg = Debug|Any CPU
		{D7FE873E-DF22-4F54-AEFA-BCF33AFD7E05}.Debug|Any CPU.Build.0 = Debug|Any CPU
		{D7FE873E-DF22-4F54-AEFA-BCF33AFD7E05}.Debug|Mixed Platforms.ActiveCfg = Debug|Any CPU
		{D7FE873E-DF22-4F54-AEFA-BCF33AFD7E05}.Debug|Mixed Platforms.Build.0 = Debug|Any CPU
		{D7FE873E-DF22-4F54-AEFA-BCF33AFD7E05}.Debug|x86.ActiveCfg = Debug|Any CPU
		{D7FE873E-DF22-4F54-AEFA-BCF33AFD7E05}.Debug|x86.Build.0 = Debug|Any CPU
		{D7FE873E-DF22-4F54-AEFA-BCF33AFD7E05}.Release|Any CPU.ActiveCfg = Release|Any CPU
		{D7FE873E-DF22-4F54-AEFA-BCF33AFD7E05}.Release|Any CPU.Build.0 = Release|Any CPU
		{D7FE873E-DF22-4F54-AEFA-BCF33AFD7E05}.Release|Mixed Platforms.ActiveCfg = Release|Any CPU
		{D7FE873E-DF22-4F54-AEFA-BCF33AFD7E05}.Release|Mixed Platforms.Build.0 = Release|Any CPU
		{D7FE873E-DF22-4F54-AEFA-BCF33AFD7E05}.Release|x86.ActiveCfg = Release|Any CPU
		{D7FE873E-DF22-4F54-AEFA-BCF33AFD7E05}.Release|x86.Build.0 = Release|Any CPU
	EndGlobalSection
	GlobalSection(SolutionProperties) = preSolution
		HideSolutionNode = FALSE
	EndGlobalSection
EndGlobal
