
Microsoft Visual Studio Solution File, Format Version 12.00
# Visual Studio 14
VisualStudioVersion = 14.0.23107.0
MinimumVisualStudioVersion = 14.0.23107.0
Project("{2150E333-8FDC-42A3-9474-1A3956D46DE8}") = "dnSpy", "dnSpy", "{293F0A13-6653-4580-9116-1D255F4C4E69}"
EndProject
Project("{2150E333-8FDC-42A3-9474-1A3956D46DE8}") = "Libraries", "Libraries", "{1CE427B9-B8B2-4B92-9FAB-708C51C99098}"
EndProject
Project("{2150E333-8FDC-42A3-9474-1A3956D46DE8}") = "Plugins", "Plugins", "{01A442C1-3CE6-45A7-BE1B-9E288ADC33F3}"
EndProject
Project("{2150E333-8FDC-42A3-9474-1A3956D46DE8}") = "dnSpy.Debugger", "dnSpy.Debugger", "{29E1907A-9C87-4F6E-961C-1C45273EFAFA}"
EndProject
Project("{2150E333-8FDC-42A3-9474-1A3956D46DE8}") = "Examples", "Examples", "{843A6224-CA2A-4D25-B507-53C05675F021}"
EndProject
Project("{2150E333-8FDC-42A3-9474-1A3956D46DE8}") = "ILSpy.Decompiler", "ILSpy.Decompiler", "{6C439ABB-7252-4F00-9A21-121C11E98895}"
EndProject
Project("{FAE04EC0-301F-11D3-BF4B-00C04F79EFBC}") = "dnSpy-x86", "dnSpy-x86\dnSpy-x86.csproj", "{0F407613-E15D-4FB5-89DF-EE866DB6A7EC}"
EndProject
Project("{FAE04EC0-301F-11D3-BF4B-00C04F79EFBC}") = "dnSpy", "dnSpy\dnSpy.csproj", "{722257A9-1B14-4D63-B886-18A4229AF4EB}"
EndProject
Project("{FAE04EC0-301F-11D3-BF4B-00C04F79EFBC}") = "dnSpy.Console", "dnSpy.Console\dnSpy.Console.csproj", "{DA111693-97C8-413B-9102-4DCBEE8885B7}"
EndProject
Project("{FAE04EC0-301F-11D3-BF4B-00C04F79EFBC}") = "dnSpy.Contracts", "dnSpy.Contracts\dnSpy.Contracts.csproj", "{9B234472-0E22-428C-9345-C8D9EE5E06AF}"
EndProject
Project("{FAE04EC0-301F-11D3-BF4B-00C04F79EFBC}") = "dnSpy.Decompiler.Shared", "dnSpy.Decompiler.Shared\dnSpy.Decompiler.Shared.csproj", "{A027546A-CF4B-47F9-BC53-EE1AD424EE41}"
EndProject
Project("{FAE04EC0-301F-11D3-BF4B-00C04F79EFBC}") = "dnSpy.Languages", "dnSpy.Languages\dnSpy.Languages.csproj", "{9265E4EA-EB00-4CB6-8A9A-608871E24FD0}"
EndProject
Project("{FAE04EC0-301F-11D3-BF4B-00C04F79EFBC}") = "dnSpy.Shared", "dnSpy.Shared\dnSpy.Shared.csproj", "{7E7C2CF8-2057-4EAA-9DAD-AB3022CF4037}"
EndProject
Project("{FAE04EC0-301F-11D3-BF4B-00C04F79EFBC}") = "dnlib", "dnlib\src\dnlib.csproj", "{FDFC1237-143F-4919-8318-4926901F4639}"
EndProject
Project("{FAE04EC0-301F-11D3-BF4B-00C04F79EFBC}") = "ICSharpCode.AvalonEdit", "AvalonEdit\ICSharpCode.AvalonEdit\ICSharpCode.AvalonEdit.csproj", "{6C55B776-26D4-4DB3-A6AB-87E783B2F3D1}"
EndProject
Project("{FAE04EC0-301F-11D3-BF4B-00C04F79EFBC}") = "ICSharpCode.TreeView", "SharpTreeView\ICSharpCode.TreeView.csproj", "{DDE2A481-8271-4EAC-A330-8FA6A38D13D1}"
EndProject
Project("{FAE04EC0-301F-11D3-BF4B-00C04F79EFBC}") = "dndbg", "dndbg\dndbg.csproj", "{989A5C51-8C4C-4F4D-90A2-042CD1846075}"
EndProject
Project("{FAE04EC0-301F-11D3-BF4B-00C04F79EFBC}") = "dnSpy.Debugger", "dnSpy.Debugger\dnSpy.Debugger.csproj", "{52995BD1-DB91-4654-89B7-1DEB3B0D3155}"
EndProject
Project("{FAE04EC0-301F-11D3-BF4B-00C04F79EFBC}") = "Example1.Plugin", "Examples\Example1.Plugin\Example1.Plugin.csproj", "{B24AAB0F-CA85-4D85-8B46-10D634896E2A}"
EndProject
Project("{FAE04EC0-301F-11D3-BF4B-00C04F79EFBC}") = "Example2.Plugin", "Examples\Example2.Plugin\Example2.Plugin.csproj", "{4613C8A1-28DC-4586-9F9B-D201864CFE1A}"
EndProject
Project("{FAE04EC0-301F-11D3-BF4B-00C04F79EFBC}") = "dnSpy.Languages.ILSpy", "dnSpy.Languages.ILSpy\dnSpy.Languages.ILSpy.csproj", "{D7FE873E-DF22-4F54-AEFA-BCF33AFD7E05}"
EndProject
Project("{FAE04EC0-301F-11D3-BF4B-00C04F79EFBC}") = "ICSharpCode.Decompiler", "ICSharpCode.Decompiler\ICSharpCode.Decompiler.csproj", "{984CC812-9470-4A13-AFF9-CC44068D666C}"
EndProject
Project("{FAE04EC0-301F-11D3-BF4B-00C04F79EFBC}") = "ICSharpCode.Decompiler.Tests", "ICSharpCode.Decompiler\Tests\ICSharpCode.Decompiler.Tests.csproj", "{FEC0DA52-C4A6-4710-BE36-B484A20C5E22}"
EndProject
Project("{FAE04EC0-301F-11D3-BF4B-00C04F79EFBC}") = "ICSharpCode.NRefactory", "NRefactory2\ICSharpCode.NRefactory\ICSharpCode.NRefactory.csproj", "{3B2A5653-EC97-4001-BB9B-D90F1AF2C371}"
EndProject
Project("{FAE04EC0-301F-11D3-BF4B-00C04F79EFBC}") = "ICSharpCode.NRefactory.CSharp", "NRefactory2\ICSharpCode.NRefactory.CSharp\ICSharpCode.NRefactory.CSharp.csproj", "{53DCA265-3C3C-42F9-B647-F72BA678122B}"
EndProject
Project("{FAE04EC0-301F-11D3-BF4B-00C04F79EFBC}") = "ICSharpCode.NRefactory.VB", "NRefactory\ICSharpCode.NRefactory.VB\ICSharpCode.NRefactory.VB.csproj", "{7B82B671-419F-45F4-B778-D9286F996EFA}"
EndProject
Project("{FAE04EC0-301F-11D3-BF4B-00C04F79EFBC}") = "dnSpy.Analyzer", "dnSpy.Analyzer\dnSpy.Analyzer.csproj", "{82E9DEC4-564F-42D5-8856-AA17D3962829}"
EndProject
Project("{FAE04EC0-301F-11D3-BF4B-00C04F79EFBC}") = "dnSpy.AsmEditor", "dnSpy.AsmEditor\dnSpy.AsmEditor.csproj", "{87772B51-FA94-47A5-83F4-4E8E69369A2D}"
EndProject
Project("{FAE04EC0-301F-11D3-BF4B-00C04F79EFBC}") = "dnSpy.BamlDecompiler", "dnSpy.BamlDecompiler\dnSpy.BamlDecompiler.csproj", "{6D647069-5C94-4388-AC0C-E059D125AC51}"
EndProject
Project("{FAE04EC0-301F-11D3-BF4B-00C04F79EFBC}") = "ICSharpCode.NRefactory.VB.Tests", "NRefactory\ICSharpCode.NRefactory.VB.Tests\ICSharpCode.NRefactory.VB.Tests.csproj", "{870115DD-960A-4406-A6B9-600BCDC36A03}"
EndProject
Project("{FAE04EC0-301F-11D3-BF4B-00C04F79EFBC}") = "dnSpy.Scripting.Roslyn", "dnSpy.Scripting.Roslyn\dnSpy.Scripting.Roslyn.csproj", "{D2EFF1AF-6E3A-4025-9E67-52772384B73F}"
EndProject
Global
	GlobalSection(SolutionConfigurationPlatforms) = preSolution
		Debug|Any CPU = Debug|Any CPU
		Release|Any CPU = Release|Any CPU
	EndGlobalSection
	GlobalSection(ProjectConfigurationPlatforms) = postSolution
		{0F407613-E15D-4FB5-89DF-EE866DB6A7EC}.Debug|Any CPU.ActiveCfg = Debug|Any CPU
		{0F407613-E15D-4FB5-89DF-EE866DB6A7EC}.Debug|Any CPU.Build.0 = Debug|Any CPU
		{0F407613-E15D-4FB5-89DF-EE866DB6A7EC}.Release|Any CPU.ActiveCfg = Release|Any CPU
		{0F407613-E15D-4FB5-89DF-EE866DB6A7EC}.Release|Any CPU.Build.0 = Release|Any CPU
		{722257A9-1B14-4D63-B886-18A4229AF4EB}.Debug|Any CPU.ActiveCfg = Debug|Any CPU
		{722257A9-1B14-4D63-B886-18A4229AF4EB}.Debug|Any CPU.Build.0 = Debug|Any CPU
		{722257A9-1B14-4D63-B886-18A4229AF4EB}.Release|Any CPU.ActiveCfg = Release|Any CPU
		{722257A9-1B14-4D63-B886-18A4229AF4EB}.Release|Any CPU.Build.0 = Release|Any CPU
		{DA111693-97C8-413B-9102-4DCBEE8885B7}.Debug|Any CPU.ActiveCfg = Debug|Any CPU
		{DA111693-97C8-413B-9102-4DCBEE8885B7}.Debug|Any CPU.Build.0 = Debug|Any CPU
		{DA111693-97C8-413B-9102-4DCBEE8885B7}.Release|Any CPU.ActiveCfg = Release|Any CPU
		{DA111693-97C8-413B-9102-4DCBEE8885B7}.Release|Any CPU.Build.0 = Release|Any CPU
		{9B234472-0E22-428C-9345-C8D9EE5E06AF}.Debug|Any CPU.ActiveCfg = Debug|Any CPU
		{9B234472-0E22-428C-9345-C8D9EE5E06AF}.Debug|Any CPU.Build.0 = Debug|Any CPU
		{9B234472-0E22-428C-9345-C8D9EE5E06AF}.Release|Any CPU.ActiveCfg = Release|Any CPU
		{9B234472-0E22-428C-9345-C8D9EE5E06AF}.Release|Any CPU.Build.0 = Release|Any CPU
		{A027546A-CF4B-47F9-BC53-EE1AD424EE41}.Debug|Any CPU.ActiveCfg = Debug|Any CPU
		{A027546A-CF4B-47F9-BC53-EE1AD424EE41}.Debug|Any CPU.Build.0 = Debug|Any CPU
		{A027546A-CF4B-47F9-BC53-EE1AD424EE41}.Release|Any CPU.ActiveCfg = Release|Any CPU
		{A027546A-CF4B-47F9-BC53-EE1AD424EE41}.Release|Any CPU.Build.0 = Release|Any CPU
		{9265E4EA-EB00-4CB6-8A9A-608871E24FD0}.Debug|Any CPU.ActiveCfg = Debug|Any CPU
		{9265E4EA-EB00-4CB6-8A9A-608871E24FD0}.Debug|Any CPU.Build.0 = Debug|Any CPU
		{9265E4EA-EB00-4CB6-8A9A-608871E24FD0}.Release|Any CPU.ActiveCfg = Release|Any CPU
		{9265E4EA-EB00-4CB6-8A9A-608871E24FD0}.Release|Any CPU.Build.0 = Release|Any CPU
		{7E7C2CF8-2057-4EAA-9DAD-AB3022CF4037}.Debug|Any CPU.ActiveCfg = Debug|Any CPU
		{7E7C2CF8-2057-4EAA-9DAD-AB3022CF4037}.Debug|Any CPU.Build.0 = Debug|Any CPU
		{7E7C2CF8-2057-4EAA-9DAD-AB3022CF4037}.Debug|Any CPU.Deploy.0 = Debug|Any CPU
		{7E7C2CF8-2057-4EAA-9DAD-AB3022CF4037}.Release|Any CPU.ActiveCfg = Release|Any CPU
		{7E7C2CF8-2057-4EAA-9DAD-AB3022CF4037}.Release|Any CPU.Build.0 = Release|Any CPU
		{FDFC1237-143F-4919-8318-4926901F4639}.Debug|Any CPU.ActiveCfg = Debug|Any CPU
		{FDFC1237-143F-4919-8318-4926901F4639}.Debug|Any CPU.Build.0 = Debug|Any CPU
		{FDFC1237-143F-4919-8318-4926901F4639}.Release|Any CPU.ActiveCfg = Release|Any CPU
		{FDFC1237-143F-4919-8318-4926901F4639}.Release|Any CPU.Build.0 = Release|Any CPU
		{6C55B776-26D4-4DB3-A6AB-87E783B2F3D1}.Debug|Any CPU.ActiveCfg = Debug|Net40
		{6C55B776-26D4-4DB3-A6AB-87E783B2F3D1}.Debug|Any CPU.Build.0 = Debug|Net40
		{6C55B776-26D4-4DB3-A6AB-87E783B2F3D1}.Release|Any CPU.ActiveCfg = Release|Net40
		{6C55B776-26D4-4DB3-A6AB-87E783B2F3D1}.Release|Any CPU.Build.0 = Release|Net40
		{DDE2A481-8271-4EAC-A330-8FA6A38D13D1}.Debug|Any CPU.ActiveCfg = Debug|Any CPU
		{DDE2A481-8271-4EAC-A330-8FA6A38D13D1}.Debug|Any CPU.Build.0 = Debug|Any CPU
		{DDE2A481-8271-4EAC-A330-8FA6A38D13D1}.Release|Any CPU.ActiveCfg = Release|Any CPU
		{DDE2A481-8271-4EAC-A330-8FA6A38D13D1}.Release|Any CPU.Build.0 = Release|Any CPU
		{989A5C51-8C4C-4F4D-90A2-042CD1846075}.Debug|Any CPU.ActiveCfg = Debug|Any CPU
		{989A5C51-8C4C-4F4D-90A2-042CD1846075}.Debug|Any CPU.Build.0 = Debug|Any CPU
		{989A5C51-8C4C-4F4D-90A2-042CD1846075}.Release|Any CPU.ActiveCfg = Release|Any CPU
		{989A5C51-8C4C-4F4D-90A2-042CD1846075}.Release|Any CPU.Build.0 = Release|Any CPU
		{52995BD1-DB91-4654-89B7-1DEB3B0D3155}.Debug|Any CPU.ActiveCfg = Debug|Any CPU
		{52995BD1-DB91-4654-89B7-1DEB3B0D3155}.Debug|Any CPU.Build.0 = Debug|Any CPU
		{52995BD1-DB91-4654-89B7-1DEB3B0D3155}.Release|Any CPU.ActiveCfg = Release|Any CPU
		{52995BD1-DB91-4654-89B7-1DEB3B0D3155}.Release|Any CPU.Build.0 = Release|Any CPU
		{B24AAB0F-CA85-4D85-8B46-10D634896E2A}.Debug|Any CPU.ActiveCfg = Debug|Any CPU
		{B24AAB0F-CA85-4D85-8B46-10D634896E2A}.Debug|Any CPU.Build.0 = Debug|Any CPU
		{B24AAB0F-CA85-4D85-8B46-10D634896E2A}.Release|Any CPU.ActiveCfg = Release|Any CPU
		{B24AAB0F-CA85-4D85-8B46-10D634896E2A}.Release|Any CPU.Build.0 = Release|Any CPU
		{4613C8A1-28DC-4586-9F9B-D201864CFE1A}.Debug|Any CPU.ActiveCfg = Debug|Any CPU
		{4613C8A1-28DC-4586-9F9B-D201864CFE1A}.Debug|Any CPU.Build.0 = Debug|Any CPU
		{4613C8A1-28DC-4586-9F9B-D201864CFE1A}.Release|Any CPU.ActiveCfg = Release|Any CPU
		{4613C8A1-28DC-4586-9F9B-D201864CFE1A}.Release|Any CPU.Build.0 = Release|Any CPU
		{D7FE873E-DF22-4F54-AEFA-BCF33AFD7E05}.Debug|Any CPU.ActiveCfg = Debug|Any CPU
		{D7FE873E-DF22-4F54-AEFA-BCF33AFD7E05}.Debug|Any CPU.Build.0 = Debug|Any CPU
		{D7FE873E-DF22-4F54-AEFA-BCF33AFD7E05}.Release|Any CPU.ActiveCfg = Release|Any CPU
		{D7FE873E-DF22-4F54-AEFA-BCF33AFD7E05}.Release|Any CPU.Build.0 = Release|Any CPU
		{984CC812-9470-4A13-AFF9-CC44068D666C}.Debug|Any CPU.ActiveCfg = Debug|Any CPU
		{984CC812-9470-4A13-AFF9-CC44068D666C}.Debug|Any CPU.Build.0 = Debug|Any CPU
		{984CC812-9470-4A13-AFF9-CC44068D666C}.Release|Any CPU.ActiveCfg = Release|Any CPU
		{984CC812-9470-4A13-AFF9-CC44068D666C}.Release|Any CPU.Build.0 = Release|Any CPU
		{FEC0DA52-C4A6-4710-BE36-B484A20C5E22}.Debug|Any CPU.ActiveCfg = Debug|Any CPU
		{FEC0DA52-C4A6-4710-BE36-B484A20C5E22}.Debug|Any CPU.Build.0 = Debug|Any CPU
		{FEC0DA52-C4A6-4710-BE36-B484A20C5E22}.Release|Any CPU.ActiveCfg = Release|Any CPU
		{FEC0DA52-C4A6-4710-BE36-B484A20C5E22}.Release|Any CPU.Build.0 = Release|Any CPU
		{3B2A5653-EC97-4001-BB9B-D90F1AF2C371}.Debug|Any CPU.ActiveCfg = Debug|Any CPU
		{3B2A5653-EC97-4001-BB9B-D90F1AF2C371}.Debug|Any CPU.Build.0 = Debug|Any CPU
		{3B2A5653-EC97-4001-BB9B-D90F1AF2C371}.Release|Any CPU.ActiveCfg = Release|Any CPU
		{3B2A5653-EC97-4001-BB9B-D90F1AF2C371}.Release|Any CPU.Build.0 = Release|Any CPU
		{53DCA265-3C3C-42F9-B647-F72BA678122B}.Debug|Any CPU.ActiveCfg = Debug|Any CPU
		{53DCA265-3C3C-42F9-B647-F72BA678122B}.Debug|Any CPU.Build.0 = Debug|Any CPU
		{53DCA265-3C3C-42F9-B647-F72BA678122B}.Release|Any CPU.ActiveCfg = Release|Any CPU
		{53DCA265-3C3C-42F9-B647-F72BA678122B}.Release|Any CPU.Build.0 = Release|Any CPU
		{7B82B671-419F-45F4-B778-D9286F996EFA}.Debug|Any CPU.ActiveCfg = Debug|Any CPU
		{7B82B671-419F-45F4-B778-D9286F996EFA}.Debug|Any CPU.Build.0 = Debug|Any CPU
		{7B82B671-419F-45F4-B778-D9286F996EFA}.Release|Any CPU.ActiveCfg = Release|Any CPU
		{7B82B671-419F-45F4-B778-D9286F996EFA}.Release|Any CPU.Build.0 = Release|Any CPU
		{82E9DEC4-564F-42D5-8856-AA17D3962829}.Debug|Any CPU.ActiveCfg = Debug|Any CPU
		{82E9DEC4-564F-42D5-8856-AA17D3962829}.Debug|Any CPU.Build.0 = Debug|Any CPU
		{82E9DEC4-564F-42D5-8856-AA17D3962829}.Release|Any CPU.ActiveCfg = Release|Any CPU
		{82E9DEC4-564F-42D5-8856-AA17D3962829}.Release|Any CPU.Build.0 = Release|Any CPU
		{87772B51-FA94-47A5-83F4-4E8E69369A2D}.Debug|Any CPU.ActiveCfg = Debug|Any CPU
		{87772B51-FA94-47A5-83F4-4E8E69369A2D}.Debug|Any CPU.Build.0 = Debug|Any CPU
		{87772B51-FA94-47A5-83F4-4E8E69369A2D}.Release|Any CPU.ActiveCfg = Release|Any CPU
		{87772B51-FA94-47A5-83F4-4E8E69369A2D}.Release|Any CPU.Build.0 = Release|Any CPU
		{6D647069-5C94-4388-AC0C-E059D125AC51}.Debug|Any CPU.ActiveCfg = Debug|Any CPU
		{6D647069-5C94-4388-AC0C-E059D125AC51}.Debug|Any CPU.Build.0 = Debug|Any CPU
		{6D647069-5C94-4388-AC0C-E059D125AC51}.Release|Any CPU.ActiveCfg = Release|Any CPU
		{6D647069-5C94-4388-AC0C-E059D125AC51}.Release|Any CPU.Build.0 = Release|Any CPU
		{870115DD-960A-4406-A6B9-600BCDC36A03}.Debug|Any CPU.ActiveCfg = Debug|Any CPU
		{870115DD-960A-4406-A6B9-600BCDC36A03}.Debug|Any CPU.Build.0 = Debug|Any CPU
		{870115DD-960A-4406-A6B9-600BCDC36A03}.Release|Any CPU.ActiveCfg = Release|Any CPU
		{870115DD-960A-4406-A6B9-600BCDC36A03}.Release|Any CPU.Build.0 = Release|Any CPU
		{D2EFF1AF-6E3A-4025-9E67-52772384B73F}.Debug|Any CPU.ActiveCfg = Debug|Any CPU
		{D2EFF1AF-6E3A-4025-9E67-52772384B73F}.Debug|Any CPU.Build.0 = Debug|Any CPU
		{D2EFF1AF-6E3A-4025-9E67-52772384B73F}.Release|Any CPU.ActiveCfg = Release|Any CPU
		{D2EFF1AF-6E3A-4025-9E67-52772384B73F}.Release|Any CPU.Build.0 = Release|Any CPU
	EndGlobalSection
	GlobalSection(SolutionProperties) = preSolution
		HideSolutionNode = FALSE
	EndGlobalSection
	GlobalSection(NestedProjects) = preSolution
		{29E1907A-9C87-4F6E-961C-1C45273EFAFA} = {01A442C1-3CE6-45A7-BE1B-9E288ADC33F3}
		{843A6224-CA2A-4D25-B507-53C05675F021} = {01A442C1-3CE6-45A7-BE1B-9E288ADC33F3}
		{6C439ABB-7252-4F00-9A21-121C11E98895} = {01A442C1-3CE6-45A7-BE1B-9E288ADC33F3}
		{0F407613-E15D-4FB5-89DF-EE866DB6A7EC} = {293F0A13-6653-4580-9116-1D255F4C4E69}
		{722257A9-1B14-4D63-B886-18A4229AF4EB} = {293F0A13-6653-4580-9116-1D255F4C4E69}
		{DA111693-97C8-413B-9102-4DCBEE8885B7} = {293F0A13-6653-4580-9116-1D255F4C4E69}
		{9B234472-0E22-428C-9345-C8D9EE5E06AF} = {293F0A13-6653-4580-9116-1D255F4C4E69}
		{A027546A-CF4B-47F9-BC53-EE1AD424EE41} = {293F0A13-6653-4580-9116-1D255F4C4E69}
		{9265E4EA-EB00-4CB6-8A9A-608871E24FD0} = {293F0A13-6653-4580-9116-1D255F4C4E69}
		{7E7C2CF8-2057-4EAA-9DAD-AB3022CF4037} = {293F0A13-6653-4580-9116-1D255F4C4E69}
		{FDFC1237-143F-4919-8318-4926901F4639} = {1CE427B9-B8B2-4B92-9FAB-708C51C99098}
		{6C55B776-26D4-4DB3-A6AB-87E783B2F3D1} = {1CE427B9-B8B2-4B92-9FAB-708C51C99098}
		{DDE2A481-8271-4EAC-A330-8FA6A38D13D1} = {1CE427B9-B8B2-4B92-9FAB-708C51C99098}
		{989A5C51-8C4C-4F4D-90A2-042CD1846075} = {29E1907A-9C87-4F6E-961C-1C45273EFAFA}
		{52995BD1-DB91-4654-89B7-1DEB3B0D3155} = {29E1907A-9C87-4F6E-961C-1C45273EFAFA}
		{B24AAB0F-CA85-4D85-8B46-10D634896E2A} = {843A6224-CA2A-4D25-B507-53C05675F021}
		{4613C8A1-28DC-4586-9F9B-D201864CFE1A} = {843A6224-CA2A-4D25-B507-53C05675F021}
		{D7FE873E-DF22-4F54-AEFA-BCF33AFD7E05} = {6C439ABB-7252-4F00-9A21-121C11E98895}
		{984CC812-9470-4A13-AFF9-CC44068D666C} = {6C439ABB-7252-4F00-9A21-121C11E98895}
		{FEC0DA52-C4A6-4710-BE36-B484A20C5E22} = {6C439ABB-7252-4F00-9A21-121C11E98895}
		{3B2A5653-EC97-4001-BB9B-D90F1AF2C371} = {6C439ABB-7252-4F00-9A21-121C11E98895}
		{53DCA265-3C3C-42F9-B647-F72BA678122B} = {6C439ABB-7252-4F00-9A21-121C11E98895}
		{7B82B671-419F-45F4-B778-D9286F996EFA} = {6C439ABB-7252-4F00-9A21-121C11E98895}
		{82E9DEC4-564F-42D5-8856-AA17D3962829} = {01A442C1-3CE6-45A7-BE1B-9E288ADC33F3}
		{87772B51-FA94-47A5-83F4-4E8E69369A2D} = {01A442C1-3CE6-45A7-BE1B-9E288ADC33F3}
		{6D647069-5C94-4388-AC0C-E059D125AC51} = {01A442C1-3CE6-45A7-BE1B-9E288ADC33F3}
		{870115DD-960A-4406-A6B9-600BCDC36A03} = {6C439ABB-7252-4F00-9A21-121C11E98895}
		{D2EFF1AF-6E3A-4025-9E67-52772384B73F} = {01A442C1-3CE6-45A7-BE1B-9E288ADC33F3}
	EndGlobalSection
EndGlobal
