
Microsoft Visual Studio Solution File, Format Version 11.00
# Visual Studio 2010
# SharpDevelop 4.3
Project("{2150E333-8FDC-42A3-9474-1A3956D46DE8}") = "doc", "doc", "{F45DB999-7E72-4000-B5AD-3A7B485A0896}"
	ProjectSection(SolutionItems) = postProject
		doc\Command Line.txt = doc\Command Line.txt
	EndProjectSection
EndProject
Project("{2150E333-8FDC-42A3-9474-1A3956D46DE8}") = "Debugger", "Debugger", "{89C4A682-2706-44A3-ADDC-BC273164C37E}"
	ProjectSection(SolutionItems) = postProject
	EndProjectSection
EndProject
Project("{FAE04EC0-301F-11D3-BF4B-00C04F79EFBC}") = "ILSpy.Debugger", "Debugger\ILSpy.Debugger\ILSpy.Debugger.csproj", "{6D3D0F0D-348D-456A-A6ED-E9BD5EFABB6A}"
EndProject
Project("{FAE04EC0-301F-11D3-BF4B-00C04F79EFBC}") = "Debugger.Core", "Debugger\Debugger.Core\Debugger.Core.csproj", "{1D18D788-F7EE-4585-A23B-34DC8EC63CB8}"
EndProject
Project("{FAE04EC0-301F-11D3-BF4B-00C04F79EFBC}") = "ILSpy", "ILSpy\ILSpy.csproj", "{1E85EFF9-E370-4683-83E4-8A3D063FF791}"
EndProject
Project("{FAE04EC0-301F-11D3-BF4B-00C04F79EFBC}") = "ICSharpCode.TreeView", "SharpTreeView\ICSharpCode.TreeView.csproj", "{DDE2A481-8271-4EAC-A330-8FA6A38D13D1}"
EndProject
Project("{FAE04EC0-301F-11D3-BF4B-00C04F79EFBC}") = "Mono.Cecil", "Mono.Cecil\Mono.Cecil.csproj", "{D68133BD-1E63-496E-9EDE-4FBDBF77B486}"
EndProject
Project("{FAE04EC0-301F-11D3-BF4B-00C04F79EFBC}") = "ICSharpCode.AvalonEdit", "AvalonEdit\ICSharpCode.AvalonEdit\ICSharpCode.AvalonEdit.csproj", "{6C55B776-26D4-4DB3-A6AB-87E783B2F3D1}"
EndProject
Project("{FAE04EC0-301F-11D3-BF4B-00C04F79EFBC}") = "ICSharpCode.Decompiler", "ICSharpCode.Decompiler\ICSharpCode.Decompiler.csproj", "{984CC812-9470-4A13-AFF9-CC44068D666C}"
EndProject
Project("{FAE04EC0-301F-11D3-BF4B-00C04F79EFBC}") = "ICSharpCode.NRefactory", "NRefactory\ICSharpCode.NRefactory\ICSharpCode.NRefactory.csproj", "{3B2A5653-EC97-4001-BB9B-D90F1AF2C371}"
EndProject
Project("{FAE04EC0-301F-11D3-BF4B-00C04F79EFBC}") = "ICSharpCode.Decompiler.Tests", "ICSharpCode.Decompiler\Tests\ICSharpCode.Decompiler.Tests.csproj", "{FEC0DA52-C4A6-4710-BE36-B484A20C5E22}"
EndProject
Project("{FAE04EC0-301F-11D3-BF4B-00C04F79EFBC}") = "TestPlugin", "TestPlugin\TestPlugin.csproj", "{F32EBCC8-0E53-4421-867E-05B3D6E10C70}"
EndProject
Project("{FAE04EC0-301F-11D3-BF4B-00C04F79EFBC}") = "Mono.Cecil.Pdb", "Mono.Cecil\symbols\pdb\Mono.Cecil.Pdb.csproj", "{63E6915C-7EA4-4D76-AB28-0D7191EEA626}"
EndProject
Project("{FAE04EC0-301F-11D3-BF4B-00C04F79EFBC}") = "ICSharpCode.NRefactory.VB", "NRefactory\ICSharpCode.NRefactory.VB\ICSharpCode.NRefactory.VB.csproj", "{7B82B671-419F-45F4-B778-D9286F996EFA}"
EndProject
Project("{FAE04EC0-301F-11D3-BF4B-00C04F79EFBC}") = "ILSpy.BamlDecompiler", "ILSpy.BamlDecompiler\ILSpy.BamlDecompiler.csproj", "{A6BAD2BA-76BA-461C-8B6D-418607591247}"
EndProject
Project("{FAE04EC0-301F-11D3-BF4B-00C04F79EFBC}") = "ILSpy.BamlDecompiler.Tests", "ILSpy.BamlDecompiler\Tests\ILSpy.BamlDecompiler.Tests.csproj", "{1169E6D1-1899-43D4-A500-07CE4235B388}"
EndProject
Project("{FAE04EC0-301F-11D3-BF4B-00C04F79EFBC}") = "ILSpy.SharpDevelop.LGPL", "ILSpy.SharpDevelop.LGPL\ILSpy.SharpDevelop.LGPL.csproj", "{704F66F1-5C7F-4326-A7AA-C604A3896D4E}"
EndProject
Project("{FAE04EC0-301F-11D3-BF4B-00C04F79EFBC}") = "ICSharpCode.NRefactory.CSharp", "NRefactory\ICSharpCode.NRefactory.CSharp\ICSharpCode.NRefactory.CSharp.csproj", "{53DCA265-3C3C-42F9-B647-F72BA678122B}"
EndProject
Global
	GlobalSection(SolutionConfigurationPlatforms) = preSolution
		Debug|Any CPU = Debug|Any CPU
		Debug|x86 = Debug|x86
		Release|Any CPU = Release|Any CPU
		Release|x86 = Release|x86
	EndGlobalSection
	GlobalSection(ProjectConfigurationPlatforms) = postSolution
		{1E85EFF9-E370-4683-83E4-8A3D063FF791}.Debug|Any CPU.ActiveCfg = Debug|Any CPU
		{1E85EFF9-E370-4683-83E4-8A3D063FF791}.Debug|Any CPU.Build.0 = Debug|Any CPU
		{1E85EFF9-E370-4683-83E4-8A3D063FF791}.Debug|x86.ActiveCfg = Debug|x86
		{1E85EFF9-E370-4683-83E4-8A3D063FF791}.Debug|x86.Build.0 = Debug|x86
		{1E85EFF9-E370-4683-83E4-8A3D063FF791}.Release|Any CPU.ActiveCfg = Release|Any CPU
		{1E85EFF9-E370-4683-83E4-8A3D063FF791}.Release|Any CPU.Build.0 = Release|Any CPU
		{1E85EFF9-E370-4683-83E4-8A3D063FF791}.Release|x86.ActiveCfg = Release|x86
		{1E85EFF9-E370-4683-83E4-8A3D063FF791}.Release|x86.Build.0 = Release|x86
		{DDE2A481-8271-4EAC-A330-8FA6A38D13D1}.Debug|Any CPU.ActiveCfg = Debug|Any CPU
		{DDE2A481-8271-4EAC-A330-8FA6A38D13D1}.Debug|Any CPU.Build.0 = Debug|Any CPU
		{DDE2A481-8271-4EAC-A330-8FA6A38D13D1}.Debug|x86.ActiveCfg = Debug|Any CPU
		{DDE2A481-8271-4EAC-A330-8FA6A38D13D1}.Debug|x86.Build.0 = Debug|Any CPU
		{DDE2A481-8271-4EAC-A330-8FA6A38D13D1}.Release|Any CPU.ActiveCfg = Release|Any CPU
		{DDE2A481-8271-4EAC-A330-8FA6A38D13D1}.Release|Any CPU.Build.0 = Release|Any CPU
		{DDE2A481-8271-4EAC-A330-8FA6A38D13D1}.Release|x86.ActiveCfg = Release|Any CPU
		{DDE2A481-8271-4EAC-A330-8FA6A38D13D1}.Release|x86.Build.0 = Release|Any CPU
		{D68133BD-1E63-496E-9EDE-4FBDBF77B486}.Debug|Any CPU.ActiveCfg = net_4_0_Debug|Any CPU
		{D68133BD-1E63-496E-9EDE-4FBDBF77B486}.Debug|Any CPU.Build.0 = net_4_0_Debug|Any CPU
		{D68133BD-1E63-496E-9EDE-4FBDBF77B486}.Debug|x86.ActiveCfg = net_4_0_Debug|Any CPU
		{D68133BD-1E63-496E-9EDE-4FBDBF77B486}.Debug|x86.Build.0 = net_4_0_Debug|Any CPU
		{D68133BD-1E63-496E-9EDE-4FBDBF77B486}.Release|Any CPU.ActiveCfg = net_4_0_Release|Any CPU
		{D68133BD-1E63-496E-9EDE-4FBDBF77B486}.Release|Any CPU.Build.0 = net_4_0_Release|Any CPU
		{D68133BD-1E63-496E-9EDE-4FBDBF77B486}.Release|x86.ActiveCfg = net_4_0_Release|Any CPU
		{D68133BD-1E63-496E-9EDE-4FBDBF77B486}.Release|x86.Build.0 = net_4_0_Debug|Any CPU
		{6C55B776-26D4-4DB3-A6AB-87E783B2F3D1}.Debug|Any CPU.ActiveCfg = Debug|Any CPU
		{6C55B776-26D4-4DB3-A6AB-87E783B2F3D1}.Debug|Any CPU.Build.0 = Debug|Any CPU
		{6C55B776-26D4-4DB3-A6AB-87E783B2F3D1}.Debug|x86.ActiveCfg = Debug|Any CPU
		{6C55B776-26D4-4DB3-A6AB-87E783B2F3D1}.Debug|x86.Build.0 = Debug|Any CPU
		{6C55B776-26D4-4DB3-A6AB-87E783B2F3D1}.Release|Any CPU.ActiveCfg = Release|Any CPU
		{6C55B776-26D4-4DB3-A6AB-87E783B2F3D1}.Release|Any CPU.Build.0 = Release|Any CPU
		{6C55B776-26D4-4DB3-A6AB-87E783B2F3D1}.Release|x86.ActiveCfg = Release|Any CPU
		{6C55B776-26D4-4DB3-A6AB-87E783B2F3D1}.Release|x86.Build.0 = Release|Any CPU
		{984CC812-9470-4A13-AFF9-CC44068D666C}.Debug|Any CPU.ActiveCfg = Debug|Any CPU
		{984CC812-9470-4A13-AFF9-CC44068D666C}.Debug|Any CPU.Build.0 = Debug|Any CPU
		{984CC812-9470-4A13-AFF9-CC44068D666C}.Debug|x86.ActiveCfg = Debug|Any CPU
		{984CC812-9470-4A13-AFF9-CC44068D666C}.Debug|x86.Build.0 = Debug|Any CPU
		{984CC812-9470-4A13-AFF9-CC44068D666C}.Release|Any CPU.ActiveCfg = Release|Any CPU
		{984CC812-9470-4A13-AFF9-CC44068D666C}.Release|Any CPU.Build.0 = Release|Any CPU
		{984CC812-9470-4A13-AFF9-CC44068D666C}.Release|x86.ActiveCfg = Release|Any CPU
		{984CC812-9470-4A13-AFF9-CC44068D666C}.Release|x86.Build.0 = Release|Any CPU
		{3B2A5653-EC97-4001-BB9B-D90F1AF2C371}.Debug|Any CPU.ActiveCfg = Debug|Any CPU
		{3B2A5653-EC97-4001-BB9B-D90F1AF2C371}.Debug|Any CPU.Build.0 = Debug|Any CPU
		{3B2A5653-EC97-4001-BB9B-D90F1AF2C371}.Debug|x86.ActiveCfg = Debug|Any CPU
		{3B2A5653-EC97-4001-BB9B-D90F1AF2C371}.Debug|x86.Build.0 = Debug|Any CPU
		{3B2A5653-EC97-4001-BB9B-D90F1AF2C371}.Release|Any CPU.ActiveCfg = Release|Any CPU
		{3B2A5653-EC97-4001-BB9B-D90F1AF2C371}.Release|Any CPU.Build.0 = Release|Any CPU
		{3B2A5653-EC97-4001-BB9B-D90F1AF2C371}.Release|x86.ActiveCfg = Release|Any CPU
		{3B2A5653-EC97-4001-BB9B-D90F1AF2C371}.Release|x86.Build.0 = Release|Any CPU
		{FEC0DA52-C4A6-4710-BE36-B484A20C5E22}.Debug|Any CPU.ActiveCfg = Debug|Any CPU
		{FEC0DA52-C4A6-4710-BE36-B484A20C5E22}.Debug|Any CPU.Build.0 = Debug|Any CPU
		{FEC0DA52-C4A6-4710-BE36-B484A20C5E22}.Debug|x86.ActiveCfg = Debug|x86
		{FEC0DA52-C4A6-4710-BE36-B484A20C5E22}.Debug|x86.Build.0 = Debug|x86
		{FEC0DA52-C4A6-4710-BE36-B484A20C5E22}.Release|Any CPU.ActiveCfg = Release|Any CPU
		{FEC0DA52-C4A6-4710-BE36-B484A20C5E22}.Release|Any CPU.Build.0 = Release|Any CPU
		{FEC0DA52-C4A6-4710-BE36-B484A20C5E22}.Release|x86.ActiveCfg = Release|x86
		{FEC0DA52-C4A6-4710-BE36-B484A20C5E22}.Release|x86.Build.0 = Release|x86
		{F32EBCC8-0E53-4421-867E-05B3D6E10C70}.Debug|Any CPU.Build.0 = Debug|Any CPU
		{F32EBCC8-0E53-4421-867E-05B3D6E10C70}.Debug|Any CPU.ActiveCfg = Debug|Any CPU
		{F32EBCC8-0E53-4421-867E-05B3D6E10C70}.Debug|x86.Build.0 = Debug|Any CPU
		{F32EBCC8-0E53-4421-867E-05B3D6E10C70}.Debug|x86.ActiveCfg = Debug|Any CPU
		{F32EBCC8-0E53-4421-867E-05B3D6E10C70}.Release|Any CPU.Build.0 = Release|Any CPU
		{F32EBCC8-0E53-4421-867E-05B3D6E10C70}.Release|Any CPU.ActiveCfg = Release|Any CPU
		{F32EBCC8-0E53-4421-867E-05B3D6E10C70}.Release|x86.Build.0 = Release|Any CPU
		{F32EBCC8-0E53-4421-867E-05B3D6E10C70}.Release|x86.ActiveCfg = Release|Any CPU
		{63E6915C-7EA4-4D76-AB28-0D7191EEA626}.Debug|Any CPU.Build.0 = net_4_0_Debug|Any CPU
		{63E6915C-7EA4-4D76-AB28-0D7191EEA626}.Debug|Any CPU.ActiveCfg = net_4_0_Debug|Any CPU
		{63E6915C-7EA4-4D76-AB28-0D7191EEA626}.Debug|x86.Build.0 = net_4_0_Debug|Any CPU
		{63E6915C-7EA4-4D76-AB28-0D7191EEA626}.Debug|x86.ActiveCfg = net_4_0_Debug|Any CPU
		{63E6915C-7EA4-4D76-AB28-0D7191EEA626}.Release|Any CPU.Build.0 = net_4_0_Release|Any CPU
		{63E6915C-7EA4-4D76-AB28-0D7191EEA626}.Release|Any CPU.ActiveCfg = net_4_0_Release|Any CPU
		{63E6915C-7EA4-4D76-AB28-0D7191EEA626}.Release|x86.Build.0 = net_4_0_Release|Any CPU
		{63E6915C-7EA4-4D76-AB28-0D7191EEA626}.Release|x86.ActiveCfg = net_4_0_Release|Any CPU
		{7B82B671-419F-45F4-B778-D9286F996EFA}.Debug|Any CPU.Build.0 = Debug|Any CPU
		{7B82B671-419F-45F4-B778-D9286F996EFA}.Debug|Any CPU.ActiveCfg = Debug|Any CPU
		{7B82B671-419F-45F4-B778-D9286F996EFA}.Debug|x86.Build.0 = Debug|Any CPU
		{7B82B671-419F-45F4-B778-D9286F996EFA}.Debug|x86.ActiveCfg = Debug|Any CPU
		{7B82B671-419F-45F4-B778-D9286F996EFA}.Release|Any CPU.Build.0 = Release|Any CPU
		{7B82B671-419F-45F4-B778-D9286F996EFA}.Release|Any CPU.ActiveCfg = Release|Any CPU
		{7B82B671-419F-45F4-B778-D9286F996EFA}.Release|x86.Build.0 = Release|Any CPU
		{7B82B671-419F-45F4-B778-D9286F996EFA}.Release|x86.ActiveCfg = Release|Any CPU
		{A6BAD2BA-76BA-461C-8B6D-418607591247}.Debug|Any CPU.Build.0 = Debug|Any CPU
		{A6BAD2BA-76BA-461C-8B6D-418607591247}.Debug|Any CPU.ActiveCfg = Debug|Any CPU
		{A6BAD2BA-76BA-461C-8B6D-418607591247}.Debug|x86.Build.0 = Debug|x86
		{A6BAD2BA-76BA-461C-8B6D-418607591247}.Debug|x86.ActiveCfg = Debug|x86
		{A6BAD2BA-76BA-461C-8B6D-418607591247}.Release|Any CPU.Build.0 = Release|Any CPU
		{A6BAD2BA-76BA-461C-8B6D-418607591247}.Release|Any CPU.ActiveCfg = Release|Any CPU
		{A6BAD2BA-76BA-461C-8B6D-418607591247}.Release|x86.Build.0 = Release|x86
		{A6BAD2BA-76BA-461C-8B6D-418607591247}.Release|x86.ActiveCfg = Release|x86
		{1169E6D1-1899-43D4-A500-07CE4235B388}.Debug|Any CPU.Build.0 = Debug|Any CPU
		{1169E6D1-1899-43D4-A500-07CE4235B388}.Debug|Any CPU.ActiveCfg = Debug|Any CPU
		{1169E6D1-1899-43D4-A500-07CE4235B388}.Debug|x86.Build.0 = Debug|x86
		{1169E6D1-1899-43D4-A500-07CE4235B388}.Debug|x86.ActiveCfg = Debug|x86
		{1169E6D1-1899-43D4-A500-07CE4235B388}.Release|Any CPU.Build.0 = Release|Any CPU
		{1169E6D1-1899-43D4-A500-07CE4235B388}.Release|Any CPU.ActiveCfg = Release|Any CPU
		{1169E6D1-1899-43D4-A500-07CE4235B388}.Release|x86.Build.0 = Release|x86
		{1169E6D1-1899-43D4-A500-07CE4235B388}.Release|x86.ActiveCfg = Release|x86
		{6D3D0F0D-348D-456A-A6ED-E9BD5EFABB6A}.Debug|Any CPU.Build.0 = Debug|Any CPU
		{6D3D0F0D-348D-456A-A6ED-E9BD5EFABB6A}.Debug|Any CPU.ActiveCfg = Debug|Any CPU
		{6D3D0F0D-348D-456A-A6ED-E9BD5EFABB6A}.Release|Any CPU.Build.0 = Release|Any CPU
		{6D3D0F0D-348D-456A-A6ED-E9BD5EFABB6A}.Release|Any CPU.ActiveCfg = Release|Any CPU
		{1D18D788-F7EE-4585-A23B-34DC8EC63CB8}.Debug|Any CPU.Build.0 = Debug|Any CPU
		{1D18D788-F7EE-4585-A23B-34DC8EC63CB8}.Debug|Any CPU.ActiveCfg = Debug|Any CPU
		{1D18D788-F7EE-4585-A23B-34DC8EC63CB8}.Release|Any CPU.Build.0 = Release|Any CPU
		{1D18D788-F7EE-4585-A23B-34DC8EC63CB8}.Release|Any CPU.ActiveCfg = Release|Any CPU
		{704F66F1-5C7F-4326-A7AA-C604A3896D4E}.Debug|Any CPU.Build.0 = Debug|Any CPU
		{704F66F1-5C7F-4326-A7AA-C604A3896D4E}.Debug|Any CPU.ActiveCfg = Debug|Any CPU
		{704F66F1-5C7F-4326-A7AA-C604A3896D4E}.Debug|x86.Build.0 = Debug|x86
		{704F66F1-5C7F-4326-A7AA-C604A3896D4E}.Debug|x86.ActiveCfg = Debug|x86
		{704F66F1-5C7F-4326-A7AA-C604A3896D4E}.Release|Any CPU.Build.0 = Release|Any CPU
		{704F66F1-5C7F-4326-A7AA-C604A3896D4E}.Release|Any CPU.ActiveCfg = Release|Any CPU
		{704F66F1-5C7F-4326-A7AA-C604A3896D4E}.Release|x86.Build.0 = Release|x86
		{704F66F1-5C7F-4326-A7AA-C604A3896D4E}.Release|x86.ActiveCfg = Release|x86
		{53DCA265-3C3C-42F9-B647-F72BA678122B}.Debug|Any CPU.Build.0 = Debug|Any CPU
		{53DCA265-3C3C-42F9-B647-F72BA678122B}.Debug|Any CPU.ActiveCfg = Debug|Any CPU
		{53DCA265-3C3C-42F9-B647-F72BA678122B}.Debug|x86.Build.0 = Debug|Any CPU
		{53DCA265-3C3C-42F9-B647-F72BA678122B}.Debug|x86.ActiveCfg = Debug|Any CPU
		{53DCA265-3C3C-42F9-B647-F72BA678122B}.Release|Any CPU.Build.0 = Release|Any CPU
		{53DCA265-3C3C-42F9-B647-F72BA678122B}.Release|Any CPU.ActiveCfg = Release|Any CPU
		{53DCA265-3C3C-42F9-B647-F72BA678122B}.Release|x86.Build.0 = Release|Any CPU
		{53DCA265-3C3C-42F9-B647-F72BA678122B}.Release|x86.ActiveCfg = Release|Any CPU
		{1D18D788-F7EE-4585-A23B-34DC8EC63CB8}.Debug|x86.Build.0 = Debug|Any CPU
		{1D18D788-F7EE-4585-A23B-34DC8EC63CB8}.Debug|x86.ActiveCfg = Debug|Any CPU
		{1D18D788-F7EE-4585-A23B-34DC8EC63CB8}.Release|x86.Build.0 = Release|Any CPU
		{1D18D788-F7EE-4585-A23B-34DC8EC63CB8}.Release|x86.ActiveCfg = Release|Any CPU
		{6D3D0F0D-348D-456A-A6ED-E9BD5EFABB6A}.Debug|x86.Build.0 = Debug|Any CPU
		{6D3D0F0D-348D-456A-A6ED-E9BD5EFABB6A}.Debug|x86.ActiveCfg = Debug|Any CPU
		{6D3D0F0D-348D-456A-A6ED-E9BD5EFABB6A}.Release|x86.Build.0 = Release|Any CPU
		{6D3D0F0D-348D-456A-A6ED-E9BD5EFABB6A}.Release|x86.ActiveCfg = Release|Any CPU
	EndGlobalSection
	GlobalSection(SolutionProperties) = preSolution
		HideSolutionNode = FALSE
	EndGlobalSection
	GlobalSection(NestedProjects) = preSolution
		{6D3D0F0D-348D-456A-A6ED-E9BD5EFABB6A} = {89C4A682-2706-44A3-ADDC-BC273164C37E}
		{1D18D788-F7EE-4585-A23B-34DC8EC63CB8} = {89C4A682-2706-44A3-ADDC-BC273164C37E}
	EndGlobalSection
EndGlobal
