Microsoft Visual Studio Solution File, Format Version 11.00
# Visual Studio 2010
Project("{2150E333-8FDC-42A3-9474-1A3956D46DE8}") = "Tests", "Tests", "{74E5ECE0-06B4-401C-AEBA-E8DD53E17943}"
EndProject
Project("{2150E333-8FDC-42A3-9474-1A3956D46DE8}") = "Symbols", "Symbols", "{929D5B3B-E29A-40CC-93D8-0FF43A6F9FA1}"
EndProject
Project("{FAE04EC0-301F-11D3-BF4B-00C04F79EFBC}") = "Mono.Cecil", "Mono.Cecil.csproj", "{D68133BD-1E63-496E-9EDE-4FBDBF77B486}"
EndProject
Project("{FAE04EC0-301F-11D3-BF4B-00C04F79EFBC}") = "Mono.Cecil.Tests", "Test\Mono.Cecil.Tests.csproj", "{A47B1F49-A81A-43E8-BE6B-DD28AF2C4055}"
EndProject
Project("{FAE04EC0-301F-11D3-BF4B-00C04F79EFBC}") = "dbg", "dbg\dbg.csproj", "{89A775F3-64AB-485E-B958-60C25254B732}"
EndProject
Project("{FAE04EC0-301F-11D3-BF4B-00C04F79EFBC}") = "Mono.Cecil.Mdb", "symbols\mdb\Mono.Cecil.Mdb.csproj", "{8559DD7F-A16F-46D0-A05A-9139FAEBA8FD}"
EndProject
Project("{FAE04EC0-301F-11D3-BF4B-00C04F79EFBC}") = "Mono.Cecil.Mdb.Tests", "symbols\mdb\Test\Mono.Cecil.Mdb.Tests.csproj", "{AC71DF9C-99FA-4A63-990A-66C8010355A6}"
EndProject
Project("{FAE04EC0-301F-11D3-BF4B-00C04F79EFBC}") = "Mono.Cecil.Pdb", "symbols\pdb\Mono.Cecil.Pdb.csproj", "{63E6915C-7EA4-4D76-AB28-0D7191EEA626}"
EndProject
Project("{FAE04EC0-301F-11D3-BF4B-00C04F79EFBC}") = "Mono.Cecil.Pdb.Tests", "symbols\pdb\Test\Mono.Cecil.Pdb.Tests.csproj", "{29300103-CB76-4A1D-B6FD-FFD91C1EC8AA}"
EndProject
Project("{FAE04EC0-301F-11D3-BF4B-00C04F79EFBC}") = "Mono.Cecil.Rocks.Tests", "rocks\Test\Mono.Cecil.Rocks.Tests.csproj", "{C6CFD7E1-B855-44DC-B4CE-9CD72984AF52}"
EndProject
Project("{FAE04EC0-301F-11D3-BF4B-00C04F79EFBC}") = "Mono.Cecil.Rocks", "rocks\Mono.Cecil.Rocks.csproj", "{FBC6DD59-D09D-499C-B03C-99C1C78FF2AC}"
EndProject
Global
	GlobalSection(SolutionConfigurationPlatforms) = preSolution
		net_2_0_Debug|Any CPU = net_2_0_Debug|Any CPU
		net_2_0_Release|Any CPU = net_2_0_Release|Any CPU
		net_3_5_Debug|Any CPU = net_3_5_Debug|Any CPU
		net_3_5_Release|Any CPU = net_3_5_Release|Any CPU
		net_4_0_Debug|Any CPU = net_4_0_Debug|Any CPU
		net_4_0_Release|Any CPU = net_4_0_Release|Any CPU
		silverlight_Debug|Any CPU = silverlight_Debug|Any CPU
		silverlight_Release|Any CPU = silverlight_Release|Any CPU
		winphone_Debug|Any CPU = winphone_Debug|Any CPU
		winphone_Release|Any CPU = winphone_Release|Any CPU
	EndGlobalSection
	GlobalSection(ProjectConfigurationPlatforms) = postSolution
		{D68133BD-1E63-496E-9EDE-4FBDBF77B486}.net_2_0_Debug|Any CPU.ActiveCfg = net_2_0_Debug|Any CPU
		{D68133BD-1E63-496E-9EDE-4FBDBF77B486}.net_2_0_Debug|Any CPU.Build.0 = net_2_0_Debug|Any CPU
		{D68133BD-1E63-496E-9EDE-4FBDBF77B486}.net_2_0_Release|Any CPU.ActiveCfg = net_2_0_Release|Any CPU
		{D68133BD-1E63-496E-9EDE-4FBDBF77B486}.net_2_0_Release|Any CPU.Build.0 = net_2_0_Release|Any CPU
		{D68133BD-1E63-496E-9EDE-4FBDBF77B486}.net_3_5_Debug|Any CPU.ActiveCfg = net_3_5_Debug|Any CPU
		{D68133BD-1E63-496E-9EDE-4FBDBF77B486}.net_3_5_Debug|Any CPU.Build.0 = net_3_5_Debug|Any CPU
		{D68133BD-1E63-496E-9EDE-4FBDBF77B486}.net_3_5_Release|Any CPU.ActiveCfg = net_3_5_Release|Any CPU
		{D68133BD-1E63-496E-9EDE-4FBDBF77B486}.net_3_5_Release|Any CPU.Build.0 = net_3_5_Release|Any CPU
		{D68133BD-1E63-496E-9EDE-4FBDBF77B486}.net_4_0_Debug|Any CPU.ActiveCfg = net_4_0_Debug|Any CPU
		{D68133BD-1E63-496E-9EDE-4FBDBF77B486}.net_4_0_Debug|Any CPU.Build.0 = net_4_0_Debug|Any CPU
		{D68133BD-1E63-496E-9EDE-4FBDBF77B486}.net_4_0_Release|Any CPU.ActiveCfg = net_4_0_Release|Any CPU
		{D68133BD-1E63-496E-9EDE-4FBDBF77B486}.net_4_0_Release|Any CPU.Build.0 = net_4_0_Release|Any CPU
		{D68133BD-1E63-496E-9EDE-4FBDBF77B486}.silverlight_Debug|Any CPU.ActiveCfg = silverlight_Debug|Any CPU
		{D68133BD-1E63-496E-9EDE-4FBDBF77B486}.silverlight_Debug|Any CPU.Build.0 = silverlight_Debug|Any CPU
		{D68133BD-1E63-496E-9EDE-4FBDBF77B486}.silverlight_Release|Any CPU.ActiveCfg = silverlight_Release|Any CPU
		{D68133BD-1E63-496E-9EDE-4FBDBF77B486}.silverlight_Release|Any CPU.Build.0 = silverlight_Release|Any CPU
		{D68133BD-1E63-496E-9EDE-4FBDBF77B486}.winphone_Debug|Any CPU.ActiveCfg = winphone_Debug|Any CPU
		{D68133BD-1E63-496E-9EDE-4FBDBF77B486}.winphone_Debug|Any CPU.Build.0 = winphone_Debug|Any CPU
		{D68133BD-1E63-496E-9EDE-4FBDBF77B486}.winphone_Release|Any CPU.ActiveCfg = winphone_Release|Any CPU
		{D68133BD-1E63-496E-9EDE-4FBDBF77B486}.winphone_Release|Any CPU.Build.0 = winphone_Release|Any CPU
		{A47B1F49-A81A-43E8-BE6B-DD28AF2C4055}.net_2_0_Debug|Any CPU.ActiveCfg = net_2_0_Debug|Any CPU
		{A47B1F49-A81A-43E8-BE6B-DD28AF2C4055}.net_2_0_Debug|Any CPU.Build.0 = net_2_0_Debug|Any CPU
		{A47B1F49-A81A-43E8-BE6B-DD28AF2C4055}.net_2_0_Release|Any CPU.ActiveCfg = net_2_0_Release|Any CPU
		{A47B1F49-A81A-43E8-BE6B-DD28AF2C4055}.net_2_0_Release|Any CPU.Build.0 = net_2_0_Release|Any CPU
		{A47B1F49-A81A-43E8-BE6B-DD28AF2C4055}.net_3_5_Debug|Any CPU.ActiveCfg = net_3_5_Debug|Any CPU
		{A47B1F49-A81A-43E8-BE6B-DD28AF2C4055}.net_3_5_Debug|Any CPU.Build.0 = net_3_5_Debug|Any CPU
		{A47B1F49-A81A-43E8-BE6B-DD28AF2C4055}.net_3_5_Release|Any CPU.ActiveCfg = net_3_5_Release|Any CPU
		{A47B1F49-A81A-43E8-BE6B-DD28AF2C4055}.net_3_5_Release|Any CPU.Build.0 = net_3_5_Release|Any CPU
		{A47B1F49-A81A-43E8-BE6B-DD28AF2C4055}.net_4_0_Debug|Any CPU.ActiveCfg = net_4_0_Debug|Any CPU
		{A47B1F49-A81A-43E8-BE6B-DD28AF2C4055}.net_4_0_Debug|Any CPU.Build.0 = net_4_0_Debug|Any CPU
		{A47B1F49-A81A-43E8-BE6B-DD28AF2C4055}.net_4_0_Release|Any CPU.ActiveCfg = net_4_0_Release|Any CPU
		{A47B1F49-A81A-43E8-BE6B-DD28AF2C4055}.net_4_0_Release|Any CPU.Build.0 = net_4_0_Release|Any CPU
		{A47B1F49-A81A-43E8-BE6B-DD28AF2C4055}.silverlight_Debug|Any CPU.ActiveCfg = net_4_0_Release|Any CPU
		{A47B1F49-A81A-43E8-BE6B-DD28AF2C4055}.silverlight_Release|Any CPU.ActiveCfg = net_4_0_Release|Any CPU
		{A47B1F49-A81A-43E8-BE6B-DD28AF2C4055}.winphone_Debug|Any CPU.ActiveCfg = net_4_0_Release|Any CPU
		{A47B1F49-A81A-43E8-BE6B-DD28AF2C4055}.winphone_Release|Any CPU.ActiveCfg = net_4_0_Release|Any CPU
		{89A775F3-64AB-485E-B958-60C25254B732}.net_2_0_Debug|Any CPU.ActiveCfg = net_4_0_Debug|Any CPU
		{89A775F3-64AB-485E-B958-60C25254B732}.net_2_0_Release|Any CPU.ActiveCfg = net_4_0_Release|Any CPU
		{89A775F3-64AB-485E-B958-60C25254B732}.net_3_5_Debug|Any CPU.ActiveCfg = net_3_5_Debug|Any CPU
		{89A775F3-64AB-485E-B958-60C25254B732}.net_3_5_Debug|Any CPU.Build.0 = net_3_5_Debug|Any CPU
		{89A775F3-64AB-485E-B958-60C25254B732}.net_3_5_Release|Any CPU.ActiveCfg = net_3_5_Release|Any CPU
		{89A775F3-64AB-485E-B958-60C25254B732}.net_3_5_Release|Any CPU.Build.0 = net_3_5_Release|Any CPU
		{89A775F3-64AB-485E-B958-60C25254B732}.net_4_0_Debug|Any CPU.ActiveCfg = net_4_0_Debug|Any CPU
		{89A775F3-64AB-485E-B958-60C25254B732}.net_4_0_Debug|Any CPU.Build.0 = net_4_0_Debug|Any CPU
		{89A775F3-64AB-485E-B958-60C25254B732}.net_4_0_Release|Any CPU.ActiveCfg = net_4_0_Release|Any CPU
		{89A775F3-64AB-485E-B958-60C25254B732}.net_4_0_Release|Any CPU.Build.0 = net_4_0_Release|Any CPU
		{89A775F3-64AB-485E-B958-60C25254B732}.silverlight_Debug|Any CPU.ActiveCfg = net_4_0_Release|Any CPU
		{89A775F3-64AB-485E-B958-60C25254B732}.silverlight_Release|Any CPU.ActiveCfg = net_4_0_Release|Any CPU
		{89A775F3-64AB-485E-B958-60C25254B732}.winphone_Debug|Any CPU.ActiveCfg = net_4_0_Release|Any CPU
		{89A775F3-64AB-485E-B958-60C25254B732}.winphone_Release|Any CPU.ActiveCfg = net_4_0_Release|Any CPU
		{8559DD7F-A16F-46D0-A05A-9139FAEBA8FD}.net_2_0_Debug|Any CPU.ActiveCfg = net_2_0_Debug|Any CPU
		{8559DD7F-A16F-46D0-A05A-9139FAEBA8FD}.net_2_0_Debug|Any CPU.Build.0 = net_2_0_Debug|Any CPU
		{8559DD7F-A16F-46D0-A05A-9139FAEBA8FD}.net_2_0_Release|Any CPU.ActiveCfg = net_2_0_Release|Any CPU
		{8559DD7F-A16F-46D0-A05A-9139FAEBA8FD}.net_2_0_Release|Any CPU.Build.0 = net_2_0_Release|Any CPU
		{8559DD7F-A16F-46D0-A05A-9139FAEBA8FD}.net_3_5_Debug|Any CPU.ActiveCfg = net_3_5_Debug|Any CPU
		{8559DD7F-A16F-46D0-A05A-9139FAEBA8FD}.net_3_5_Debug|Any CPU.Build.0 = net_3_5_Debug|Any CPU
		{8559DD7F-A16F-46D0-A05A-9139FAEBA8FD}.net_3_5_Release|Any CPU.ActiveCfg = net_3_5_Release|Any CPU
		{8559DD7F-A16F-46D0-A05A-9139FAEBA8FD}.net_3_5_Release|Any CPU.Build.0 = net_3_5_Release|Any CPU
		{8559DD7F-A16F-46D0-A05A-9139FAEBA8FD}.net_4_0_Debug|Any CPU.ActiveCfg = net_4_0_Debug|Any CPU
		{8559DD7F-A16F-46D0-A05A-9139FAEBA8FD}.net_4_0_Debug|Any CPU.Build.0 = net_4_0_Debug|Any CPU
		{8559DD7F-A16F-46D0-A05A-9139FAEBA8FD}.net_4_0_Release|Any CPU.ActiveCfg = net_4_0_Release|Any CPU
		{8559DD7F-A16F-46D0-A05A-9139FAEBA8FD}.net_4_0_Release|Any CPU.Build.0 = net_4_0_Release|Any CPU
		{8559DD7F-A16F-46D0-A05A-9139FAEBA8FD}.silverlight_Debug|Any CPU.ActiveCfg = net_4_0_Release|Any CPU
		{8559DD7F-A16F-46D0-A05A-9139FAEBA8FD}.silverlight_Release|Any CPU.ActiveCfg = net_4_0_Release|Any CPU
		{8559DD7F-A16F-46D0-A05A-9139FAEBA8FD}.winphone_Debug|Any CPU.ActiveCfg = net_4_0_Release|Any CPU
		{8559DD7F-A16F-46D0-A05A-9139FAEBA8FD}.winphone_Release|Any CPU.ActiveCfg = net_4_0_Release|Any CPU
		{AC71DF9C-99FA-4A63-990A-66C8010355A6}.net_2_0_Debug|Any CPU.ActiveCfg = net_2_0_Debug|Any CPU
		{AC71DF9C-99FA-4A63-990A-66C8010355A6}.net_2_0_Debug|Any CPU.Build.0 = net_2_0_Debug|Any CPU
		{AC71DF9C-99FA-4A63-990A-66C8010355A6}.net_2_0_Release|Any CPU.ActiveCfg = net_2_0_Release|Any CPU
		{AC71DF9C-99FA-4A63-990A-66C8010355A6}.net_2_0_Release|Any CPU.Build.0 = net_2_0_Release|Any CPU
		{AC71DF9C-99FA-4A63-990A-66C8010355A6}.net_3_5_Debug|Any CPU.ActiveCfg = net_3_5_Debug|Any CPU
		{AC71DF9C-99FA-4A63-990A-66C8010355A6}.net_3_5_Debug|Any CPU.Build.0 = net_3_5_Debug|Any CPU
		{AC71DF9C-99FA-4A63-990A-66C8010355A6}.net_3_5_Release|Any CPU.ActiveCfg = net_3_5_Release|Any CPU
		{AC71DF9C-99FA-4A63-990A-66C8010355A6}.net_3_5_Release|Any CPU.Build.0 = net_3_5_Release|Any CPU
		{AC71DF9C-99FA-4A63-990A-66C8010355A6}.net_4_0_Debug|Any CPU.ActiveCfg = net_4_0_Debug|Any CPU
		{AC71DF9C-99FA-4A63-990A-66C8010355A6}.net_4_0_Debug|Any CPU.Build.0 = net_4_0_Debug|Any CPU
		{AC71DF9C-99FA-4A63-990A-66C8010355A6}.net_4_0_Release|Any CPU.ActiveCfg = net_4_0_Release|Any CPU
		{AC71DF9C-99FA-4A63-990A-66C8010355A6}.net_4_0_Release|Any CPU.Build.0 = net_4_0_Release|Any CPU
		{AC71DF9C-99FA-4A63-990A-66C8010355A6}.silverlight_Debug|Any CPU.ActiveCfg = net_4_0_Release|Any CPU
		{AC71DF9C-99FA-4A63-990A-66C8010355A6}.silverlight_Release|Any CPU.ActiveCfg = net_4_0_Release|Any CPU
		{AC71DF9C-99FA-4A63-990A-66C8010355A6}.winphone_Debug|Any CPU.ActiveCfg = net_4_0_Release|Any CPU
		{AC71DF9C-99FA-4A63-990A-66C8010355A6}.winphone_Release|Any CPU.ActiveCfg = net_4_0_Release|Any CPU
		{63E6915C-7EA4-4D76-AB28-0D7191EEA626}.net_2_0_Debug|Any CPU.ActiveCfg = net_2_0_Debug|Any CPU
		{63E6915C-7EA4-4D76-AB28-0D7191EEA626}.net_2_0_Debug|Any CPU.Build.0 = net_2_0_Debug|Any CPU
		{63E6915C-7EA4-4D76-AB28-0D7191EEA626}.net_2_0_Release|Any CPU.ActiveCfg = net_2_0_Release|Any CPU
		{63E6915C-7EA4-4D76-AB28-0D7191EEA626}.net_2_0_Release|Any CPU.Build.0 = net_2_0_Release|Any CPU
		{63E6915C-7EA4-4D76-AB28-0D7191EEA626}.net_3_5_Debug|Any CPU.ActiveCfg = net_3_5_Debug|Any CPU
		{63E6915C-7EA4-4D76-AB28-0D7191EEA626}.net_3_5_Debug|Any CPU.Build.0 = net_3_5_Debug|Any CPU
		{63E6915C-7EA4-4D76-AB28-0D7191EEA626}.net_3_5_Release|Any CPU.ActiveCfg = net_3_5_Release|Any CPU
		{63E6915C-7EA4-4D76-AB28-0D7191EEA626}.net_3_5_Release|Any CPU.Build.0 = net_3_5_Release|Any CPU
		{63E6915C-7EA4-4D76-AB28-0D7191EEA626}.net_4_0_Debug|Any CPU.ActiveCfg = net_4_0_Debug|Any CPU
		{63E6915C-7EA4-4D76-AB28-0D7191EEA626}.net_4_0_Debug|Any CPU.Build.0 = net_4_0_Debug|Any CPU
		{63E6915C-7EA4-4D76-AB28-0D7191EEA626}.net_4_0_Release|Any CPU.ActiveCfg = net_4_0_Release|Any CPU
		{63E6915C-7EA4-4D76-AB28-0D7191EEA626}.net_4_0_Release|Any CPU.Build.0 = net_4_0_Release|Any CPU
		{63E6915C-7EA4-4D76-AB28-0D7191EEA626}.silverlight_Debug|Any CPU.ActiveCfg = net_4_0_Release|Any CPU
		{63E6915C-7EA4-4D76-AB28-0D7191EEA626}.silverlight_Release|Any CPU.ActiveCfg = net_4_0_Release|Any CPU
		{63E6915C-7EA4-4D76-AB28-0D7191EEA626}.winphone_Debug|Any CPU.ActiveCfg = net_4_0_Release|Any CPU
		{63E6915C-7EA4-4D76-AB28-0D7191EEA626}.winphone_Release|Any CPU.ActiveCfg = net_4_0_Release|Any CPU
		{29300103-CB76-4A1D-B6FD-FFD91C1EC8AA}.net_2_0_Debug|Any CPU.ActiveCfg = net_2_0_Debug|Any CPU
		{29300103-CB76-4A1D-B6FD-FFD91C1EC8AA}.net_2_0_Debug|Any CPU.Build.0 = net_2_0_Debug|Any CPU
		{29300103-CB76-4A1D-B6FD-FFD91C1EC8AA}.net_2_0_Release|Any CPU.ActiveCfg = net_2_0_Release|Any CPU
		{29300103-CB76-4A1D-B6FD-FFD91C1EC8AA}.net_2_0_Release|Any CPU.Build.0 = net_2_0_Release|Any CPU
		{29300103-CB76-4A1D-B6FD-FFD91C1EC8AA}.net_3_5_Debug|Any CPU.ActiveCfg = net_3_5_Debug|Any CPU
		{29300103-CB76-4A1D-B6FD-FFD91C1EC8AA}.net_3_5_Debug|Any CPU.Build.0 = net_3_5_Debug|Any CPU
		{29300103-CB76-4A1D-B6FD-FFD91C1EC8AA}.net_3_5_Release|Any CPU.ActiveCfg = net_3_5_Release|Any CPU
		{29300103-CB76-4A1D-B6FD-FFD91C1EC8AA}.net_3_5_Release|Any CPU.Build.0 = net_3_5_Release|Any CPU
		{29300103-CB76-4A1D-B6FD-FFD91C1EC8AA}.net_4_0_Debug|Any CPU.ActiveCfg = net_4_0_Debug|Any CPU
		{29300103-CB76-4A1D-B6FD-FFD91C1EC8AA}.net_4_0_Debug|Any CPU.Build.0 = net_4_0_Debug|Any CPU
		{29300103-CB76-4A1D-B6FD-FFD91C1EC8AA}.net_4_0_Release|Any CPU.ActiveCfg = net_4_0_Release|Any CPU
		{29300103-CB76-4A1D-B6FD-FFD91C1EC8AA}.net_4_0_Release|Any CPU.Build.0 = net_4_0_Release|Any CPU
		{29300103-CB76-4A1D-B6FD-FFD91C1EC8AA}.silverlight_Debug|Any CPU.ActiveCfg = net_4_0_Release|Any CPU
		{29300103-CB76-4A1D-B6FD-FFD91C1EC8AA}.silverlight_Release|Any CPU.ActiveCfg = net_4_0_Release|Any CPU
		{29300103-CB76-4A1D-B6FD-FFD91C1EC8AA}.winphone_Debug|Any CPU.ActiveCfg = net_4_0_Release|Any CPU
		{29300103-CB76-4A1D-B6FD-FFD91C1EC8AA}.winphone_Release|Any CPU.ActiveCfg = net_4_0_Release|Any CPU
		{C6CFD7E1-B855-44DC-B4CE-9CD72984AF52}.net_2_0_Debug|Any CPU.ActiveCfg = net_4_0_Release|Any CPU
		{C6CFD7E1-B855-44DC-B4CE-9CD72984AF52}.net_2_0_Release|Any CPU.ActiveCfg = net_4_0_Release|Any CPU
		{C6CFD7E1-B855-44DC-B4CE-9CD72984AF52}.net_3_5_Debug|Any CPU.ActiveCfg = net_3_5_Debug|Any CPU
		{C6CFD7E1-B855-44DC-B4CE-9CD72984AF52}.net_3_5_Debug|Any CPU.Build.0 = net_3_5_Debug|Any CPU
		{C6CFD7E1-B855-44DC-B4CE-9CD72984AF52}.net_3_5_Release|Any CPU.ActiveCfg = net_3_5_Release|Any CPU
		{C6CFD7E1-B855-44DC-B4CE-9CD72984AF52}.net_3_5_Release|Any CPU.Build.0 = net_3_5_Release|Any CPU
		{C6CFD7E1-B855-44DC-B4CE-9CD72984AF52}.net_4_0_Debug|Any CPU.ActiveCfg = net_4_0_Debug|Any CPU
		{C6CFD7E1-B855-44DC-B4CE-9CD72984AF52}.net_4_0_Debug|Any CPU.Build.0 = net_4_0_Debug|Any CPU
		{C6CFD7E1-B855-44DC-B4CE-9CD72984AF52}.net_4_0_Release|Any CPU.ActiveCfg = net_4_0_Release|Any CPU
		{C6CFD7E1-B855-44DC-B4CE-9CD72984AF52}.net_4_0_Release|Any CPU.Build.0 = net_4_0_Release|Any CPU
		{C6CFD7E1-B855-44DC-B4CE-9CD72984AF52}.silverlight_Debug|Any CPU.ActiveCfg = net_4_0_Release|Any CPU
		{C6CFD7E1-B855-44DC-B4CE-9CD72984AF52}.silverlight_Release|Any CPU.ActiveCfg = net_4_0_Release|Any CPU
		{C6CFD7E1-B855-44DC-B4CE-9CD72984AF52}.winphone_Debug|Any CPU.ActiveCfg = net_4_0_Release|Any CPU
		{C6CFD7E1-B855-44DC-B4CE-9CD72984AF52}.winphone_Release|Any CPU.ActiveCfg = net_4_0_Release|Any CPU
		{FBC6DD59-D09D-499C-B03C-99C1C78FF2AC}.net_2_0_Debug|Any CPU.ActiveCfg = net_4_0_Release|Any CPU
		{FBC6DD59-D09D-499C-B03C-99C1C78FF2AC}.net_2_0_Release|Any CPU.ActiveCfg = net_4_0_Release|Any CPU
		{FBC6DD59-D09D-499C-B03C-99C1C78FF2AC}.net_3_5_Debug|Any CPU.ActiveCfg = net_3_5_Debug|Any CPU
		{FBC6DD59-D09D-499C-B03C-99C1C78FF2AC}.net_3_5_Debug|Any CPU.Build.0 = net_3_5_Debug|Any CPU
		{FBC6DD59-D09D-499C-B03C-99C1C78FF2AC}.net_3_5_Release|Any CPU.ActiveCfg = net_3_5_Release|Any CPU
		{FBC6DD59-D09D-499C-B03C-99C1C78FF2AC}.net_3_5_Release|Any CPU.Build.0 = net_3_5_Release|Any CPU
		{FBC6DD59-D09D-499C-B03C-99C1C78FF2AC}.net_4_0_Debug|Any CPU.ActiveCfg = net_4_0_Debug|Any CPU
		{FBC6DD59-D09D-499C-B03C-99C1C78FF2AC}.net_4_0_Debug|Any CPU.Build.0 = net_4_0_Debug|Any CPU
		{FBC6DD59-D09D-499C-B03C-99C1C78FF2AC}.net_4_0_Release|Any CPU.ActiveCfg = net_4_0_Release|Any CPU
		{FBC6DD59-D09D-499C-B03C-99C1C78FF2AC}.net_4_0_Release|Any CPU.Build.0 = net_4_0_Release|Any CPU
		{FBC6DD59-D09D-499C-B03C-99C1C78FF2AC}.silverlight_Debug|Any CPU.ActiveCfg = silverlight_Debug|Any CPU
		{FBC6DD59-D09D-499C-B03C-99C1C78FF2AC}.silverlight_Debug|Any CPU.Build.0 = silverlight_Debug|Any CPU
		{FBC6DD59-D09D-499C-B03C-99C1C78FF2AC}.silverlight_Release|Any CPU.ActiveCfg = silverlight_Release|Any CPU
		{FBC6DD59-D09D-499C-B03C-99C1C78FF2AC}.silverlight_Release|Any CPU.Build.0 = silverlight_Release|Any CPU
		{FBC6DD59-D09D-499C-B03C-99C1C78FF2AC}.winphone_Debug|Any CPU.ActiveCfg = winphone_Debug|Any CPU
		{FBC6DD59-D09D-499C-B03C-99C1C78FF2AC}.winphone_Debug|Any CPU.Build.0 = winphone_Debug|Any CPU
		{FBC6DD59-D09D-499C-B03C-99C1C78FF2AC}.winphone_Release|Any CPU.ActiveCfg = winphone_Release|Any CPU
		{FBC6DD59-D09D-499C-B03C-99C1C78FF2AC}.winphone_Release|Any CPU.Build.0 = winphone_Release|Any CPU
	EndGlobalSection
	GlobalSection(SolutionProperties) = preSolution
		HideSolutionNode = FALSE
	EndGlobalSection
	GlobalSection(NestedProjects) = preSolution
		{A47B1F49-A81A-43E8-BE6B-DD28AF2C4055} = {74E5ECE0-06B4-401C-AEBA-E8DD53E17943}
		{AC71DF9C-99FA-4A63-990A-66C8010355A6} = {74E5ECE0-06B4-401C-AEBA-E8DD53E17943}
		{29300103-CB76-4A1D-B6FD-FFD91C1EC8AA} = {74E5ECE0-06B4-401C-AEBA-E8DD53E17943}
		{C6CFD7E1-B855-44DC-B4CE-9CD72984AF52} = {74E5ECE0-06B4-401C-AEBA-E8DD53E17943}
		{8559DD7F-A16F-46D0-A05A-9139FAEBA8FD} = {929D5B3B-E29A-40CC-93D8-0FF43A6F9FA1}
		{63E6915C-7EA4-4D76-AB28-0D7191EEA626} = {929D5B3B-E29A-40CC-93D8-0FF43A6F9FA1}
	EndGlobalSection
EndGlobal
