
Microsoft Visual Studio Solution File, Format Version 11.00
# Visual Studio 2010
# SharpDevelop 4.0.1.7088
Project("{FAE04EC0-301F-11D3-BF4B-00C04F79EFBC}") = "UpdateAssemblyInfo", "UpdateAssemblyInfo.csproj", "{605C8CDB-F0AD-4A21-9F4A-959B8DECB0F3}"
EndProject
Global
	GlobalSection(SolutionConfigurationPlatforms) = preSolution
		Debug|Any CPU = Debug|Any CPU
		Release|Any CPU = Release|Any CPU
	EndGlobalSection
	GlobalSection(ProjectConfigurationPlatforms) = postSolution
		{605C8CDB-F0AD-4A21-9F4A-959B8DECB0F3}.Debug|Any CPU.Build.0 = Debug|Any CPU
		{605C8CDB-F0AD-4A21-9F4A-959B8DECB0F3}.Debug|Any CPU.ActiveCfg = Debug|Any CPU
		{605C8CDB-F0AD-4A21-9F4A-959B8DECB0F3}.Release|Any CPU.Build.0 = Release|Any CPU
		{605C8CDB-F0AD-4A21-9F4A-959B8DECB0F3}.Release|Any CPU.ActiveCfg = Release|Any CPU
	EndGlobalSection
EndGlobal
